{
    "_meta": {
        "hash": {
            "sha256": "a11e9641747ad18067dea6531f7ebdfe3a45b20c78a08c92c46164e790a139a4"
        },
        "pipfile-spec": 6,
        "requires": {
            "python_version": "3.8"
        },
        "sources": [
            {
                "name": "pypi",
                "url": "https://pypi.org/simple",
                "verify_ssl": true
            }
        ]
    },
    "default": {
        "databricks-sql-connector": {
            "hashes": [
                "sha256:0173eb74c15f8b7c7defd15c12e69bd7ad1dd11a29121744900661d93dc8ba81",
                "sha256:6b19ccbfeeb0d27dcd532d6696486e4451a742750f81085042e83edd0348bed6"
            ],
            "index": "pypi",
            "version": "==2.0.3"
        },
        "numpy": {
            "hashes": [
                "sha256:1408c3527a74a0209c781ac82bde2182b0f0bf54dea6e6a363fe0cc4488a7ce7",
                "sha256:173f28921b15d341afadf6c3898a34f20a0569e4ad5435297ba262ee8941e77b",
                "sha256:1865fdf51446839ca3fffaab172461f2b781163f6f395f1aed256b1ddc253622",
                "sha256:3119daed207e9410eaf57dcf9591fdc68045f60483d94956bee0bfdcba790953",
                "sha256:35590b9c33c0f1c9732b3231bb6a72d1e4f77872390c47d50a615686ae7ed3fd",
                "sha256:37e5ebebb0eb54c5b4a9b04e6f3018e16b8ef257d26c8945925ba8105008e645",
                "sha256:37ece2bd095e9781a7156852e43d18044fd0d742934833335599c583618181b9",
                "sha256:3ab67966c8d45d55a2bdf40701536af6443763907086c0a6d1232688e27e5447",
                "sha256:47f10ab202fe4d8495ff484b5561c65dd59177949ca07975663f4494f7269e3e",
                "sha256:55df0f7483b822855af67e38fb3a526e787adf189383b4934305565d71c4b148",
                "sha256:5d732d17b8a9061540a10fda5bfeabca5785700ab5469a5e9b93aca5e2d3a5fb",
                "sha256:68b69f52e6545af010b76516f5daaef6173e73353e3295c5cb9f96c35d755641",
                "sha256:7e8229f3687cdadba2c4faef39204feb51ef7c1a9b669247d49a24f3e2e1617c",
                "sha256:8002574a6b46ac3b5739a003b5233376aeac5163e5dcd43dd7ad062f3e186129",
                "sha256:876f60de09734fbcb4e27a97c9a286b51284df1326b1ac5f1bf0ad3678236b22",
                "sha256:9ce242162015b7e88092dccd0e854548c0926b75c7924a3495e02c6067aba1f5",
                "sha256:a35c4e64dfca659fe4d0f1421fc0f05b8ed1ca8c46fb73d9e5a7f175f85696bb",
                "sha256:aeba539285dcf0a1ba755945865ec61240ede5432df41d6e29fab305f4384db2",
                "sha256:b15c3f1ed08df4980e02cc79ee058b788a3d0bef2fb3c9ca90bb8cbd5b8a3a04",
                "sha256:c2f91f88230042a130ceb1b496932aa717dcbd665350beb821534c5c7e15881c",
                "sha256:d748ef349bfef2e1194b59da37ed5a29c19ea8d7e6342019921ba2ba4fd8b624",
                "sha256:e0d7447679ae9a7124385ccf0ea990bb85bb869cef217e2ea6c844b6a6855073"
            ],
            "markers": "python_version < '3.10' and platform_machine != 'aarch64' and platform_machine != 'arm64'",
            "version": "==1.23.1"
        },
        "pandas": {
            "hashes": [
                "sha256:07238a58d7cbc8a004855ade7b75bbd22c0db4b0ffccc721556bab8a095515f6",
                "sha256:0daf876dba6c622154b2e6741f29e87161f844e64f84801554f879d27ba63c0d",
                "sha256:16ad23db55efcc93fa878f7837267973b61ea85d244fc5ff0ccbcfa5638706c5",
                "sha256:1d9382f72a4f0e93909feece6fef5500e838ce1c355a581b3d8f259839f2ea76",
                "sha256:24ea75f47bbd5574675dae21d51779a4948715416413b30614c1e8b480909f81",
                "sha256:2893e923472a5e090c2d5e8db83e8f907364ec048572084c7d10ef93546be6d1",
                "sha256:2ff7788468e75917574f080cd4681b27e1a7bf36461fe968b49a87b5a54d007c",
                "sha256:41fc406e374590a3d492325b889a2686b31e7a7780bec83db2512988550dadbf",
                "sha256:48350592665ea3cbcd07efc8c12ff12d89be09cd47231c7925e3b8afada9d50d",
                "sha256:605d572126eb4ab2eadf5c59d5d69f0608df2bf7bcad5c5880a47a20a0699e3e",
                "sha256:6dfbf16b1ea4f4d0ee11084d9c026340514d1d30270eaa82a9f1297b6c8ecbf0",
                "sha256:6f803320c9da732cc79210d7e8cc5c8019aad512589c910c66529eb1b1818230",
                "sha256:721a3dd2f06ef942f83a819c0f3f6a648b2830b191a72bbe9451bcd49c3bd42e",
                "sha256:755679c49460bd0d2f837ab99f0a26948e68fa0718b7e42afbabd074d945bf84",
                "sha256:78b00429161ccb0da252229bcda8010b445c4bf924e721265bec5a6e96a92e92",
                "sha256:958a0588149190c22cdebbc0797e01972950c927a11a900fe6c2296f207b1d6f",
                "sha256:a3924692160e3d847e18702bb048dc38e0e13411d2b503fecb1adf0fcf950ba4",
                "sha256:d51674ed8e2551ef7773820ef5dab9322be0828629f2cbf8d1fc31a0c4fed640",
                "sha256:d5ebc990bd34f4ac3c73a2724c2dcc9ee7bf1ce6cf08e87bb25c6ad33507e318",
                "sha256:d6c0106415ff1a10c326c49bc5dd9ea8b9897a6ca0c8688eb9c30ddec49535ef",
                "sha256:e48fbb64165cda451c06a0f9e4c7a16b534fcabd32546d531b3c240ce2844112"
            ],
            "markers": "python_version >= '3.8'",
            "version": "==1.4.3"
        },
        "pyarrow": {
            "hashes": [
                "sha256:1832709281efefa4f199c639e9f429678286329860188e53beeda71750775923",
                "sha256:1d9485741e497ccc516cb0a0c8f56e22be55aea815be185c3f9a681323b0e614",
                "sha256:24e64ea33eed07441cc0e80c949e3a1b48211a1add8953268391d250f4d39922",
                "sha256:2d26186ca9748a1fb89ae6c1fa04fb343a4279b53f118734ea8096f15d66c820",
                "sha256:357605665fbefb573d40939b13a684c2490b6ed1ab4a5de8dd246db4ab02e5a4",
                "sha256:4341ac0f552dc04c450751e049976940c7f4f8f2dae03685cc465ebe0a61e231",
                "sha256:456a4488ae810a0569d1adf87dbc522bcc9a0e4a8d1809b934ca28c163d8edce",
                "sha256:4d8adda1892ef4553c4804af7f67cce484f4d6371564e2d8374b8e2bc85293e2",
                "sha256:53e550dec60d1ab86cba3afa1719dc179a8bc9632a0e50d9fe91499cf0a7f2bc",
                "sha256:5c0d1b68e67bb334a5af0cecdf9b6a702aaa4cc259c5cbb71b25bbed40fcedaf",
                "sha256:601b0aabd6fb066429e706282934d4d8d38f53bdb8d82da9576be49f07eedf5c",
                "sha256:64f30aa6b28b666a925d11c239344741850eb97c29d3aa0f7187918cf82494f7",
                "sha256:6e1f0e4374061116f40e541408a8a170c170d0a070b788717e18165ebfdd2a54",
                "sha256:6e937ce4a40ea0cc7896faff96adecadd4485beb53fbf510b46858e29b2e75ae",
                "sha256:7560332e5846f0e7830b377c14c93624e24a17f91c98f0b25dafb0ca1ea6ba02",
                "sha256:7c4edd2bacee3eea6c8c28bddb02347f9d41a55ec9692c71c6de6e47c62a7f0d",
                "sha256:99c8b0f7e2ce2541dd4c0c0101d9944bb8e592ae3295fe7a2f290ab99222666d",
                "sha256:9e04d3621b9f2f23898eed0d044203f66c156d880f02c5534a7f9947ebb1a4af",
                "sha256:b1453c2411b5062ba6bf6832dbc4df211ad625f678c623a2ee177aee158f199b",
                "sha256:b3115df938b8d7a7372911a3cb3904196194bcea8bb48911b4b3eafee3ab8d90",
                "sha256:b6387d2058d95fa48ccfedea810a768187affb62f4a3ef6595fa30bf9d1a65cf",
                "sha256:bbe2e439bec2618c74a3bb259700c8a7353dc2ea0c5a62686b6cf04a50ab1e0d",
                "sha256:c3fc856f107ca2fb3c9391d7ea33bbb33f3a1c2b4a0e2b41f7525c626214cc03",
                "sha256:c5493d2414d0d690a738aac8dd6d38518d1f9b870e52e24f89d8d7eb3afd4161",
                "sha256:e9ec80f4a77057498cf4c5965389e42e7f6a618b6859e6dd615e57505c9167a6",
                "sha256:ed135a99975380c27077f9d0e210aea8618ed9fadcec0e71f8a3190939557afe",
                "sha256:f4db312e9ba80e730cefcae0a05b63ea5befc7634c28df56682b628ad8e1c25c",
                "sha256:ff21711f6ff3b0bc90abc8ca8169e676faeb2401ddc1a0bc1c7dc181708a3406"
            ],
            "markers": "python_version >= '3.6'",
            "version": "==5.0.0"
        },
        "python-dateutil": {
            "hashes": [
                "sha256:0123cacc1627ae19ddf3c27a5de5bd67ee4586fbdd6440d9748f8abb483d3e86",
                "sha256:961d03dc3453ebbc59dbdea9e4e11c5651520a876d0f4db161e8674aae935da9"
            ],
            "markers": "python_version >= '2.7' and python_version not in '3.0, 3.1, 3.2, 3.3'",
            "version": "==2.8.2"
        },
        "pytz": {
            "hashes": [
                "sha256:1e760e2fe6a8163bc0b3d9a19c4f84342afa0a2affebfaa84b01b978a02ecaa7",
                "sha256:e68985985296d9a66a881eb3193b0906246245294a881e7c8afe623866ac6a5c"
            ],
            "version": "==2022.1"
        },
        "six": {
            "hashes": [
                "sha256:1e61c37477a1626458e36f7b1d82aa5c9b094fa4802892072e49de9c60c4c926",
                "sha256:8abb2f1d86890a2dfb989f9a77cfcfd3e47c2a354b01111771326f8aa26e0254"
            ],
            "markers": "python_version >= '2.7' and python_version not in '3.0, 3.1, 3.2, 3.3'",
            "version": "==1.16.0"
        },
        "thrift": {
            "hashes": [
                "sha256:9af1c86bf73433afc6010ed376a6c6aca2b54099cc0d61895f640870a9ae7d89"
            ],
            "version": "==0.13.0"
        }
    },
    "develop": {}
}
