{
    "_meta": {
        "hash": {
            "sha256": "15f5a4c23d2909ded01ac2247aeb0d5917d1fefb8c8cfe23cb8f020236d2fa06"
        },
        "pipfile-spec": 6,
        "requires": {
            "python_version": "3.11"
        },
        "sources": [
            {
                "name": "pypi",
                "url": "https://pypi.org/simple",
                "verify_ssl": true
            }
        ]
    },
    "default": {
        "m2crypto": {
            "hashes": [
                "sha256:946dc1ca4193496313b6438e9abfa0aded022358f854304c4536e0c92bfbdda2"
            ],
            "index": "pypi",
            "markers": "python_version >= '3.6'",
            "version": "==0.46.1"
        }
    },
    "develop": {}
}
