{
    "_meta": {
        "hash": {
            "sha256": "359baafbc81a0ebdd1f3be47a4fcbd9a648845231c8186bb302fb3d96203121e"
        },
        "pipfile-spec": 6,
        "requires": {
            "python_version": "3.11"
        },
        "sources": [
            {
                "name": "pypi",
                "url": "https://pypi.org/simple",
                "verify_ssl": true
            }
        ]
    },
    "default": {
        "attrs": {
            "hashes": [
                "sha256:c647aa4a12dfbad9333ca4e71fe62ddc36f4e63b2d260a37a8b83d2f043ac309",
                "sha256:d03ceb89cb322a8fd706d4fb91940737b6642aa36998fe130a9bc96c985eff32"
            ],
            "markers": "python_version >= '3.9'",
            "version": "==26.1.0"
        },
        "certifi": {
            "hashes": [
                "sha256:3cb2210c8f88ba2318d29b0388d1023c8492ff72ecdde4ebdaddbb13a31b1c4a",
                "sha256:8d455352a37b71bf76a79caa83a3d6c25afee4a385d632127b6afb3963f1c580"
            ],
            "markers": "python_version >= '3.7'",
            "version": "==2026.4.22"
        },
        "charset-normalizer": {
            "hashes": [
                "sha256:007d05ec7321d12a40227aae9e2bc6dca73f3cb21058999a1df9e193555a9dcc",
                "sha256:03853ed82eeebbce3c2abfdbc98c96dc205f32a79627688ac9a27370ea61a49c",
                "sha256:07d9e39b01743c3717745f4c530a6349eadbfa043c7577eef86c502c15df2c67",
                "sha256:08e721811161356f97b4059a9ba7bafb23ea5ee2255402c42881c214e173c6b4",
                "sha256:0c96c3b819b5c3e9e165495db84d41914d6894d55181d2d108cc1a69bfc9cce0",
                "sha256:0ea948db76d31190bf08bd371623927ee1339d5f2a0b4b1b4a4439a65298703c",
                "sha256:0f7eb884681e3938906ed0434f20c63046eacd0111c4ba96f27b76084cd679f5",
                "sha256:12a6fff75f6bc66711b73a2f0addfc4c8c15a20e805146a02d147a318962c444",
                "sha256:12d8baf840cc7889b37c7c770f478adea7adce3dcb3944d02ec87508e2dcf153",
                "sha256:14265bfe1f09498b9d8ec91e9ec9fa52775edf90fcbde092b25f4a33d444fea9",
                "sha256:16d971e29578a5e97d7117866d15889a4a07befe0e87e703ed63cd90cb348c01",
                "sha256:177a0ba5f0211d488e295aaf82707237e331c24788d8d76c96c5a41594723217",
                "sha256:1a87ca9d5df6fe460483d9a5bbf2b18f620cbed41b432e2bddb686228282d10b",
                "sha256:1c2a768fdd44ee4a9339a9b0b130049139b8ce3c01d2ce09f67f5a68048d477c",
                "sha256:1c2aed2e5e41f24ea8ef1590b8e848a79b56f3a5564a65ceec43c9d692dc7d8a",
                "sha256:1dc8b0ea451d6e69735094606991f32867807881400f808a106ee1d963c46a83",
                "sha256:1efde3cae86c8c273f1eb3b287be7d8499420cf2fe7585c41d370d3e790054a5",
                "sha256:202389074300232baeb53ae2569a60901f7efadd4245cf3a3bf0617d60b439d7",
                "sha256:203104ed3e428044fd943bc4bf45fa73c0730391f9621e37fe39ecf477b128cb",
                "sha256:2257141f39fe65a3fdf38aeccae4b953e5f3b3324f4ff0daf9f15b8518666a2c",
                "sha256:298930cec56029e05497a76988377cbd7457ba864beeea92ad7e844fe74cd1f1",
                "sha256:2cd4a60d0e2fb04537162c62bbbb4182f53541fe0ede35cdf270a1c1e723cc42",
                "sha256:2d6eb928e13016cea4f1f21d1e10c1cebd5a421bc57ddf5b1142ae3f86824fab",
                "sha256:2fe249cb4651fd12605b7288b24751d8bfd46d35f12a20b1ba33dea122e690df",
                "sha256:30b8d1d8c52a48c2c5690e152c169b673487a2a58de1ec7393196753063fcd5e",
                "sha256:320ade88cfb846b8cd6b4ddf5ee9e80ee0c1f52401f2456b84ae1ae6a1a5f207",
                "sha256:3534e7dcbdcf757da6b85a0bbf5b6868786d5982dd959b065e65481644817a18",
                "sha256:36836d6ff945a00b88ba1e4572d721e60b5b8c98c155d465f56ad19d68f23734",
                "sha256:38c0109396c4cfc574d502df99742a45c72c08eff0a36158b6f04000043dbf38",
                "sha256:3946fa46a0cf3e4c8cb1cc52f56bb536310d34f25f01ca9b6c16afa767dab110",
                "sha256:3bec022aec2c514d9cf199522a802bd007cd588ab17ab2525f20f9c34d067c18",
                "sha256:3c9a494bc5ec77d43cea229c4f6db1e4d8fe7e1bbffa8b6f0f0032430ff8ab44",
                "sha256:3dce51d0f5e7951f8bb4900c257dad282f49190fdbebecd4ba99bcc41fef404d",
                "sha256:3dedcc22d73ec993f42055eff4fcfed9318d1eeb9a6606c55892a26964964e48",
                "sha256:4042d5c8f957e15221d423ba781e85d553722fc4113f523f2feb7b188cc34c5e",
                "sha256:481551899c856c704d58119b5025793fa6730adda3571971af568f66d2424bb5",
                "sha256:4dc1e73c36828f982bfe79fadf5919923f8a6f4df2860804db9a98c48824ce8d",
                "sha256:4e5163c14bffd570ef2affbfdd77bba66383890797df43dc8b4cc7d6f500bf53",
                "sha256:511ef87c8aec0783e08ac18565a16d435372bc1ac25a91e6ac7f5ef2b0bff790",
                "sha256:532bc9bf33a68613fd7d65e4b1c71a6a38d7d42604ecf239c77392e9b4e8998c",
                "sha256:54523e136b8948060c0fa0bc7b1b50c32c186f2fceee897a495406bb6e311d2b",
                "sha256:5649fd1c7bade02f320a462fdefd0b4bd3ce036065836d4f42e0de958038e116",
                "sha256:56be790f86bfb2c98fb742ce566dfb4816e5a83384616ab59c49e0604d49c51d",
                "sha256:5b77459df20e08151cd6f8b9ef8ef1f961ef73d85c21a555c7eed5b79410ec10",
                "sha256:5ed6ab538499c8644b8a3e18debabcd7ce684f3fa91cf867521a7a0279cab2d6",
                "sha256:6178f72c5508bfc5fd446a5905e698c6212932f25bcdd4b47a757a50605a90e2",
                "sha256:6370e8686f662e6a3941ee48ed4742317cafbe5707e36406e9df792cdb535776",
                "sha256:64f02c6841d7d83f832cd97ccf8eb8a906d06eb95d5276069175c696b024b60a",
                "sha256:65bcd23054beab4d166035cabbc868a09c1a49d1efe458fe8e4361215df40265",
                "sha256:66671f93accb62ed07da56613636f3641f1a12c13046ce91ffc923721f23c008",
                "sha256:6696b7688f54f5af4462118f0bfa7c1621eeb87154f77fa04b9295ce7a8f2943",
                "sha256:6785f414ae0f3c733c437e0f3929197934f526d19dfaa75e18fdb4f94c6fb374",
                "sha256:67f6279d125ca0046a7fd386d01b311c6363844deac3e5b069b514ba3e63c246",
                "sha256:6c114670c45346afedc0d947faf3c7f701051d2518b943679c8ff88befe14f8e",
                "sha256:6e0d51f618228538a3e8f46bd246f87a6cd030565e015803691603f55e12afb5",
                "sha256:6ed74185b2db44f41ef35fd1617c5888e59792da9bbc9190d6c7300617182616",
                "sha256:708838739abf24b2ceb208d0e22403dd018faeef86ddac04319a62ae884c4f15",
                "sha256:715479b9a2802ecac752a3b0efa2b0b60285cf962ee38414211abdfccc233b41",
                "sha256:733784b6d6def852c814bce5f318d25da2ee65dd4839a0718641c696e09a2960",
                "sha256:750e02e074872a3fad7f233b47734166440af3cdea0add3e95163110816d6752",
                "sha256:752a45dc4a6934060b3b0dab47e04edc3326575f82be64bc4fc293914566503e",
                "sha256:7579e913a5339fb8fa133f6bbcfd8e6749696206cf05acdbdca71a1b436d8e72",
                "sha256:7641bb8895e77f921102f72833904dcd9901df5d6d72a2ab8f31d04b7e51e4e7",
                "sha256:7804338df6fcc08105c7745f1502ba68d900f45fd770d5bdd5288ddccb8a42d8",
                "sha256:80d04837f55fc81da168b98de4f4b797ef007fc8a79ab71c6ec9bc4dd662b15b",
                "sha256:813c0e0132266c08eb87469a642cb30aaff57c5f426255419572aaeceeaa7bf4",
                "sha256:82b271f5137d07749f7bf32f70b17ab6eaabedd297e75dce75081a24f76eb545",
                "sha256:84c018e49c3bf790f9c2771c45e9313a08c2c2a6342b162cd650258b57817706",
                "sha256:8751d2787c9131302398b11e6c8068053dcb55d5a8964e114b6e196cf16cb366",
                "sha256:8778f0c7a52e56f75d12dae53ae320fae900a8b9b4164b981b9c5ce059cd1fcb",
                "sha256:87fad7d9ba98c86bcb41b2dc8dbb326619be2562af1f8ff50776a39e55721c5a",
                "sha256:8d828b6667a32a728a1ad1d93957cdf37489c57b97ae6c4de2860fa749b8fc1e",
                "sha256:8e385e4267ab76874ae30db04c627faaaf0b509e1ccc11a95b3fc3e83f855c00",
                "sha256:92a0a01ead5e668468e952e4238cccd7c537364eb7d851ab144ab6627dbbe12f",
                "sha256:94e1885b270625a9a828c9793b4d52a64445299baa1fea5a173bf1d3dd9a1a5a",
                "sha256:a180c5e59792af262bf263b21a3c49353f25945d8d9f70628e73de370d55e1e1",
                "sha256:a277ab8928b9f299723bc1a2dabb1265911b1a76341f90a510368ca44ad9ab66",
                "sha256:a5fe03b42827c13cdccd08e6c0247b6a6d4b5e3cdc53fd1749f5896adcdc2356",
                "sha256:a6c5863edfbe888d9eff9c8b8087354e27618d9da76425c119293f11712a6319",
                "sha256:a89c23ef8d2c6b27fd200a42aa4ac72786e7c60d40efdc76e6011260b6e949c4",
                "sha256:adb2597b428735679446b46c8badf467b4ca5f5056aae4d51a19f9570301b1ad",
                "sha256:ae196f021b5e7c78e918242d217db021ed2a6ace2bc6ae94c0fc596221c7f58d",
                "sha256:ae89db9e5f98a11a4bf50407d4363e7b09b31e55bc117b4f7d80aab97ba009e5",
                "sha256:aed52fea0513bac0ccde438c188c8a471c4e0f457c2dd20cdbf6ea7a450046c7",
                "sha256:aef65cd602a6d0e0ff6f9930fcb1c8fec60dd2cfcb6facaf4bdb0e5873042db0",
                "sha256:af21eb4409a119e365397b2adbaca4c9ccab56543a65d5dbd9f920d6ac29f686",
                "sha256:b14b2d9dac08e28bb8046a1a0434b1750eb221c8f5b87a68f4fa11a6f97b5e34",
                "sha256:bb6d88045545b26da47aa879dd4a89a71d1dce0f0e549b1abcb31dfe4a8eac49",
                "sha256:bb8cc7534f51d9a017b93e3e85b260924f909601c3df002bcdb58ddb4dc41a5c",
                "sha256:bc17a677b21b3502a21f66a8cc64f5bfad4df8a0b8434d661666f8ce90ac3af1",
                "sha256:bd6c2a1c7573c64738d716488d2cdd3c00e340e4835707d8fdb8dc1a66ef164e",
                "sha256:bd9b23791fe793e4968dba0c447e12f78e425c59fc0e3b97f6450f4781f3ee60",
                "sha256:c03a41a8784091e67a39648f70c5f97b5b6a37f216896d44d2cdcb82615339a0",
                "sha256:c0f081d69a6e58272819b70288d3221a6ee64b98df852631c80f293514d3b274",
                "sha256:c35abb8bfff0185efac5878da64c45dafd2b37fb0383add1be155a763c1f083d",
                "sha256:c36c333c39be2dbca264d7803333c896ab8fa7d4d6f0ab7edb7dfd7aea6e98c0",
                "sha256:c45e9440fb78f8ddabcf714b68f936737a121355bf59f3907f4e17721b9d1aae",
                "sha256:c593052c465475e64bbfe5dbd81680f64a67fdc752c56d7a0ae205dc8aeefe0f",
                "sha256:cdd68a1fb318e290a2077696b7eb7a21a49163c455979c639bf5a5dcdc46617d",
                "sha256:ce3412fbe1e31eb81ea42f4169ed94861c56e643189e1e75f0041f3fe7020abe",
                "sha256:cf1493cd8607bec4d8a7b9b004e699fcf8f9103a9284cc94962cb73d20f9d4a3",
                "sha256:cf29836da5119f3c8a8a70667b0ef5fdca3bb12f80fd06487cfa575b3909b393",
                "sha256:d4a48e5b3c2a489fae013b7589308a40146ee081f6f509e047e0e096084ceca1",
                "sha256:d560742f3c0d62afaccf9f41fe485ed69bd7661a241f86a3ef0f0fb8b1a397af",
                "sha256:d6038d37043bced98a66e68d3aa2b6a35505dc01328cd65217cefe82f25def44",
                "sha256:d61f00a0869d77422d9b2aba989e2d24afa6ffd552af442e0e58de4f35ea6d00",
                "sha256:d635aab80466bc95771bb78d5370e74d36d1fe31467b6b29b8b57b2a3cd7d22c",
                "sha256:dca4bbc466a95ba9c0234ef56d7dd9509f63da22274589ebd4ed7f1f4d4c54e3",
                "sha256:dd915403e231e6b1809fe9b6d9fc55cf8fb5e02765ac625d9cd623342a7905d7",
                "sha256:e044c39e41b92c845bc815e5ae4230804e8e7bc29e399b0437d64222d92809dd",
                "sha256:e060d01aec0a910bdccb8be71faf34e7799ce36950f8294c8bf612cba65a2c9e",
                "sha256:e1421b502d83040e6d7fb2fb18dff63957f720da3d77b2fbd3187ceb63755d7b",
                "sha256:e17b8d5d6a8c47c85e68ca8379def1303fd360c3e22093a807cd34a71cd082b8",
                "sha256:e5f4d355f0a2b1a31bc3edec6795b46324349c9cb25eed068049e4f472fb4259",
                "sha256:e712b419df8ba5e42b226c510472b37bd57b38e897d3eca5e8cfd410a29fa859",
                "sha256:e74327fb75de8986940def6e8dee4f127cc9752bee7355bb323cc5b2659b6d46",
                "sha256:e80c8378d8f3d83cd3164da1ad2df9e37a666cdde7b1cb2298ed0b558064be30",
                "sha256:e8ac484bf18ce6975760921bb6148041faa8fef0547200386ea0b52b5d27bf7b",
                "sha256:eca9705049ad3c7345d574e3510665cb2cf844c2f2dcfe675332677f081cbd46",
                "sha256:ed065083d0898c9d5b4bbec7b026fd755ff7454e6e8b73a67f8c744b13986e24",
                "sha256:edac0f1ab77644605be2cbba52e6b7f630731fc42b34cb0f634be1a6eface56a",
                "sha256:effc3f449787117233702311a1b7d8f59cba9ced946ba727bdc329ec69028e24",
                "sha256:f22dec1690b584cea26fade98b2435c132c1b5f68e39f5a0b7627cd7ae31f1dc",
                "sha256:f495a1652cf3fbab2eb0639776dad966c2fb874d79d87ca07f9d5f059b8bd215",
                "sha256:f496c9c3cc02230093d8330875c4c3cdfc3b73612a5fd921c65d39cbcef08063",
                "sha256:f59099f9b66f0d7145115e6f80dd8b1d847176df89b234a5a6b3f00437aa0832",
                "sha256:f59ad4c0e8f6bba240a9bb85504faa1ab438237199d4cce5f622761507b8f6a6",
                "sha256:fbccdc05410c9ee21bbf16a35f4c1d16123dcdeb8a1d38f33654fa21d0234f79",
                "sha256:fea24543955a6a729c45a73fe90e08c743f0b3334bbf3201e6c4bc1b0c7fa464"
            ],
            "markers": "python_version >= '3.7'",
            "version": "==3.4.7"
        },
        "click": {
            "hashes": [
                "sha256:ae74fb96c20a0277a1d615f1e4d73c8414f5a98db8b799a7931d1582f3390c28",
                "sha256:ca9853ad459e787e2192211578cc907e7594e294c7ccc834310722b41b9ca6de"
            ],
            "markers": "python_version >= '3.7'",
            "version": "==8.1.7"
        },
        "exceptiongroup": {
            "hashes": [
                "sha256:5258b9ed329c5bbdd31a309f53cbfb0b155341807f6ff7606a1e801a891b29ad",
                "sha256:a4785e48b045528f5bfe627b6ad554ff32def154f42372786903b7abcfe1aa16"
            ],
            "markers": "python_version < '3.11'",
            "version": "==1.2.1"
        },
        "h11": {
            "hashes": [
                "sha256:4e35b956cf45792e4caa5885e69fba00bdbc6ffafbfa020300e549b208ee5ff1",
                "sha256:63cf8bbe7522de3bf65932fda1d9c2772064ffb3dae62d55932da54b31cb6c86"
            ],
            "markers": "python_version >= '3.8'",
            "version": "==0.16.0"
        },
        "idna": {
            "hashes": [
                "sha256:048adeaf8c2d788c40fee287673ccaa74c24ffd8dcf09ffa555a2fbb59f10ac8",
                "sha256:ca962446ea538f7092a95e057da437618e886f4d349216d2b1e294abfdb65fdc"
            ],
            "markers": "python_version >= '3.8'",
            "version": "==3.15"
        },
        "numpy": {
            "hashes": [
                "sha256:02981d0fc9f9ce147643d552966d47f329a02f7ecb3b113e84207242f20dfa83",
                "sha256:06760fe73ae5005008748d182de612c733542af3cde063d532cd2127561b27be",
                "sha256:079b0fad6f2899b23c5da89792b5409d2d83fc83e8bd5c2299cc9c397a264864",
                "sha256:07ce7e74da92d7c71b5df157b9758bcdd53d7fea10602154de3afd2b3ddc34dd",
                "sha256:09d7d97da1c2c62f4818b3e150a57572ff8dcf1cf5ac501aac832ffd4ebd9566",
                "sha256:0c6919cefafb3b76cd46a89dbb203bf1dd95529d2a6d09fef2d325d95d6a79d8",
                "sha256:0d63a780070871210853ba01e90b88f9b85cf2abf63a7f143d5127189265ddf6",
                "sha256:0e63caf31a1df06338ae63d999f7a33a675ced62eea9c9b02db4b1c1f45cff38",
                "sha256:130d58151c4db23e9fa860b84784e219a3aa3e030acc88a493ea37006c4dfd4c",
                "sha256:144fcc5a3a17679b2b82543b4a2d8dd29937230a7af13232b5f753872feb6361",
                "sha256:14b86f56048ed09c3bbe48962a7dff077c2fd3274f8cf981800f3b38eac49cc3",
                "sha256:15f90d1256e9b2320aff24fde44815b787ab6d7c49a1a11bfd8138b321c5f080",
                "sha256:1616bde34b2bcba2fa9bde06217ce00da4f3d1bdfb264d54525a99e8fe170d83",
                "sha256:1811150e5148f5a01a7cc282cb2f489b4a3050a773e173adb480e507bad3a3d7",
                "sha256:1ef248460b645c102026b82337cc4e88231909c66dd77b59ec6d6cac7e44f277",
                "sha256:235f54b0156274d8fa3155db3ed6d2f401c7e8f3367c90db0a12f02a58fde6ed",
                "sha256:27f4a6dc26353a860b348961b9aa9e009835688b435cfa105e873b8dc2c726f5",
                "sha256:2a235607a18df941760a695927051af4b1cd5d3ee85840d0e2af816785771feb",
                "sha256:2caa576d1707b275cba1aeb60a5c50daa6fa2a3f28ecb08123bc05fd439005db",
                "sha256:2d68d0b355ab2e39fe0de59001d7151dfdbbb880ef67baeed806661e03df5097",
                "sha256:3176dc8ff71dbb593606f91a69ad0c3cd3303c7eb546af477370ab9edf760288",
                "sha256:32f8f852273ef32b291201ac2a2c97629c4a1ee8632bb670e3443eaa09fc2e72",
                "sha256:3333dba6a4e611d666f69e177ba8fe4140366ff681a5feb2374d3fd4fff3acb6",
                "sha256:398bb16772b265b9fa5c07b07072646ea97137c10ffb62a9a087b277fc825c29",
                "sha256:40c71d50a4da1a7c317af419461052d3911a5770bfc5fd55baf52cc45e7a2c20",
                "sha256:4593d197270b894efeb538dcbe227e4bcf1c77f88c4c6bf933ead812cfaa4453",
                "sha256:4603622bdcdbf8dccb1d9d5b21d16a7aa4e473ae6c8e14048d846fd4ca2907a0",
                "sha256:4b51a01745cb04cc19278482207444b4d30728ce91c28d27a3bfae5fc6ff24c7",
                "sha256:4bb33e900ee81730ad77a258965134aa8ceac805124f7e5229347beda4b8d0aa",
                "sha256:4bd2cd4ef9c0afa87de73723c0a33c0edff62143e1432917458e26d3d195d87f",
                "sha256:4cd9f6fa7ce10dc4627f2bb81dd9075dab67e94632e04c2b638e12575ddaa862",
                "sha256:4ed78c904a638b6e5d7cd4db90c06fca5fc6ec2f28d258305368f454a50e79cf",
                "sha256:4f5bc96d35d94e4ceab8b38a92241b4611e95dc44e63b9f1fa2a331858ee3507",
                "sha256:58dcf64969d870f36bc7fbd557d2617e997db7dc06261b6e3327148ea460d0a4",
                "sha256:654fb8674b61b1c4bd568f944d13a908566fdcb0d797303521d4149d16da05ef",
                "sha256:685681e956fc8dcb75adc6ff26694e1dfd738b24bd8d4696c51ca0110157f912",
                "sha256:6bf0bfc1c2e1db972e30b6cd3d4861f477f3af908b27799b239dc3cbe3eb4b95",
                "sha256:6c18d49c67689c562854b53fdc433b93e47c12952aa6fa6d59f185e1a5992419",
                "sha256:6d7df2da2e7ea0624a43aa368104b3a3ce14aae98ad4bb2c9a93fecef76f1c97",
                "sha256:6de2883e0d2c63eae1bab1a84b390dca74aabb3d20ea1f5d58f360853c83abf3",
                "sha256:6f64dd84b277a737eb59513f6b9bb6195bf41ab11941ef15b2562dbab43fa8ef",
                "sha256:7200c58f3f933ca61e66346667dcc8510bb111995e9ce15398a731e6a4afa4bb",
                "sha256:7341b08ff8124d7353939778e2707b8732d03c78c1c30e0815aba2dacbe1245a",
                "sha256:73d664413fb97229149c4711ef56531a6fe8c15c1c2626b0bbe497b84c287e70",
                "sha256:76ac6e90f5e226011c88f9b7040a4bcae612518bc7e9adc127e697a13b28ad1a",
                "sha256:7c392e2c1bf596701d3c6832be7567eab5d5b0a13865036c33365ee097d37f8b",
                "sha256:7f09a7e5f017d7098c66522097c96257411c9620c0926212200d66bc8cee3976",
                "sha256:84f58bed609b5669f5ad3d597901a4f1f86ee5b3c3708aaa55f05b4fe6e0f656",
                "sha256:86d980970f5110595ca14855768073b08585fc1acc36895de303e039e7dee4a5",
                "sha256:889ca2c072315de638a5194a772aa1fa2df92bdd6175f6a222d4784040424b61",
                "sha256:89e89304fb1f8c3f0ecfa4a7d48f311dd79771336a940e920159d643d1307e77",
                "sha256:93793222b524f692f12b2f8752ce8b1d9d9125b2bfd5dbf0fb69c92c5e1ce86c",
                "sha256:993a88d8fdd8554466a8765cd8bacd97ba56b70ca6b0a04bcdca77f5afed4222",
                "sha256:9a05636d7937d0936f271e5ba957fa8d746b5be3c2025caa1a2508f4fe521d40",
                "sha256:b1c663ddc641f4192e90511bec61a09bc231e3bbdb996cdc6edbcaa0e528d685",
                "sha256:b35bee5ef99e8d227a07829bee2e864fcb65f7c157646fcd8ec8b4b45dd8b88f",
                "sha256:b42d9496f79e3a728192f05a42d86e36163217b7cdecb3813d0028a0aa6b72d7",
                "sha256:c26c71080d35db5002102f5d9ff614d45de02aa1f7802943e691e063e5ee93bc",
                "sha256:ca670567a5683b7c1670ec03e0ddd5862e10934e92a70751d68d7b7b74ca7f9f",
                "sha256:d475afc8cbe935ff5944f753d863bba774d7f4e1feaaa4102901e3e053ca5963",
                "sha256:d51efede1e58e8b11877536a5518f60e318d8ff69b89ad7b38ee5e431b24d772",
                "sha256:d6c78e260b53affe9b395a9d54fc61f101f9521c4d9452c7e9e3718b19e2215b",
                "sha256:d7828234a13185effb34979e146f9921f2a65dfbbe215e6dbb57d6478fc8e059",
                "sha256:d888bdf7335f76878c3c7b264ac1ff089863e211ec81249f9fb5795c2183dc25",
                "sha256:d8fc52b85a7b45e474be53eddf08e006d22e381a4e41bcde8e4aa08da0e7d198",
                "sha256:db304568c650e9d7039744d3575d0d287754debb2057d7c7b8cdfdc2c487a957",
                "sha256:deb01226f012539f3945261ffe1c10aec081a0fa0a5c925419933c70f3ae2d23",
                "sha256:ef3b5bb65437a3555c648e706475db01c645559ca80dc8b03e4f202ea757e0d6",
                "sha256:f96083adc3dfc1bbf778f2c79654d88115fa07074c97cb724fe9508f12d91c55",
                "sha256:fb352e7b8876da1249e72254736d6c58c505fa4e58a3d7e30efca241ca9ca9ce",
                "sha256:fb4a6c9c537d6ccec9cc4aeae4261bd3cc79b070c67ddc0646f5b1c07fddde42",
                "sha256:fe28b64777ddfa0eca9b5f51474034ebe3dcb8324f48f27b28f479085673ae33"
            ],
            "index": "pypi",
            "markers": "python_version >= '3.11'",
            "version": "==2.4.5"
        },
        "outcome": {
            "hashes": [
                "sha256:9dcf02e65f2971b80047b377468e72a268e15c0af3cf1238e6ff14f7f91143b8",
                "sha256:e771c5ce06d1415e356078d3bdd68523f284b4ce5419828922b6871e65eda82b"
            ],
            "markers": "python_version >= '3.7'",
            "version": "==1.3.0.post0"
        },
        "packaging": {
            "hashes": [
                "sha256:5fc45236b9446107ff2415ce77c807cee2862cb6fac22b8a73826d0693b0980e",
                "sha256:ff452ff5a3e828ce110190feff1178bb1f2ea2281fa2075aadb987c2fb221661"
            ],
            "markers": "python_version >= '3.8'",
            "version": "==26.2"
        },
        "pdf2image": {
            "hashes": [
                "sha256:eaa959bc116b420dd7ec415fcae49b98100dda3dd18cd2fdfa86d09f112f6d57",
                "sha256:ecdd58d7afb810dffe21ef2b1bbc057ef434dabbac6c33778a38a3f7744a27e2"
            ],
            "index": "pypi",
            "version": "==1.17.0"
        },
        "pillow": {
            "hashes": [
                "sha256:048ad577748b9fa4a99a0548c64f2cb8d672d5bf2e643a739ac8faff1164238c",
                "sha256:048eeade4c33fdf7e08da40ef402e748df113fd0b4584e32c4af74fe78baaeb2",
                "sha256:0ba26351b137ca4e0db0342d5d00d2e355eb29372c05afd544ebf47c0956ffeb",
                "sha256:0ea2a783a2bdf2a561808fe4a7a12e9aa3799b701ba305de596bc48b8bdfce9d",
                "sha256:1530e8f3a4b965eb6a7785cf17a426c779333eb62c9a7d1bbcf3ffd5bf77a4aa",
                "sha256:16563993329b79513f59142a6b02055e10514c1a8e86dca8b48a893e33cf91e3",
                "sha256:19aeb96d43902f0a783946a0a87dbdad5c84c936025b8419da0a0cd7724356b1",
                "sha256:1a1d1915db1a4fdb2754b9de292642a39a7fb28f1736699527bb649484fb966a",
                "sha256:1b87bd9d81d179bd8ab871603bd80d8645729939f90b71e62914e816a76fc6bd",
                "sha256:1dfc94946bc60ea375cc39cff0b8da6c7e5f8fcdc1d946beb8da5c216156ddd8",
                "sha256:2034f6759a722da3a3dbd91a81148cf884e91d1b747992ca288ab88c1de15999",
                "sha256:261ddb7ca91fcf71757979534fb4c128448b5b4c55cb6152d280312062f69599",
                "sha256:2ed854e716a89b1afcedea551cd85f2eb2a807613752ab997b9974aaa0d56936",
                "sha256:3102045a10945173d38336f6e71a8dc71bcaeed55c3123ad4af82c52807b9375",
                "sha256:339894035d0ede518b16073bdc2feef4c991ee991a29774b33e515f1d308e08d",
                "sha256:412444afb8c4c7a6cc11a47dade32982439925537e483be7c0ae0cf96c4f6a0b",
                "sha256:4203efca580f0dd6f882ca211f923168548f7ba334c189e9eab1178ab840bf60",
                "sha256:45ebc7b45406febf07fef35d856f0293a92e7417ae7933207e90bf9090b70572",
                "sha256:4b5ec25d8b17217d635f8935dbc1b9aa5907962fae29dff220f2659487891cd3",
                "sha256:4c8e73e99da7db1b4cad7f8d682cf6abad7844da39834c288fbfa394a47bbced",
                "sha256:4e6f7d1c414191c1199f8996d3f2282b9ebea0945693fb67392c75a3a320941f",
                "sha256:4eaa22f0d22b1a7e93ff0a596d57fdede2e550aecffb5a1ef1106aaece48e96b",
                "sha256:50b8eae8f7334ec826d6eeffaeeb00e36b5e24aa0b9df322c247539714c6df19",
                "sha256:50fd3f6b26e3441ae07b7c979309638b72abc1a25da31a81a7fbd9495713ef4f",
                "sha256:51243f1ed5161b9945011a7360e997729776f6e5d7005ba0c6879267d4c5139d",
                "sha256:5d512aafa1d32efa014fa041d38868fda85028e3f930a96f85d49c7d8ddc0383",
                "sha256:5f77cf66e96ae734717d341c145c5949c63180842a545c47a0ce7ae52ca83795",
                "sha256:6b02471b72526ab8a18c39cb7967b72d194ec53c1fd0a70b050565a0f366d355",
                "sha256:6fb1b30043271ec92dc65f6d9f0b7a830c210b8a96423074b15c7bc999975f57",
                "sha256:7161ec49ef0800947dc5570f86568a7bb36fa97dd09e9827dc02b718c5643f09",
                "sha256:72d622d262e463dfb7595202d229f5f3ab4b852289a1cd09650362db23b9eb0b",
                "sha256:74d28c17412d9caa1066f7a31df8403ec23d5268ba46cd0ad2c50fb82ae40462",
                "sha256:78618cdbccaa74d3f88d0ad6cb8ac3007f1a6fa5c6f19af64b55ca170bfa1edf",
                "sha256:793b4e24db2e8742ca6423d3fde8396db336698c55cd34b660663ee9e45ed37f",
                "sha256:798232c92e7665fe82ac085f9d8e8ca98826f8e27859d9a96b41d519ecd2e49a",
                "sha256:81d09caa7b27ef4e61cb7d8fbf1714f5aec1c6b6c5270ee53504981e6e9121ad",
                "sha256:8ab74c06ffdab957d7670c2a5a6e1a70181cd10b727cd788c4dd9005b6a8acd9",
                "sha256:8eb0908e954d093b02a543dc963984d6e99ad2b5e36503d8a0aaf040505f747d",
                "sha256:90b9e29824800e90c84e4022dd5cc16eb2d9605ee13f05d47641eb183cd73d45",
                "sha256:9797a6c8fe16f25749b371c02e2ade0efb51155e767a971c61734b1bf6293994",
                "sha256:9d2455fbf44c914840c793e89aa82d0e1763a14253a000743719ae5946814b2d",
                "sha256:9d3bea1c75f8c53ee4d505c3e67d8c158ad4df0d83170605b50b64025917f338",
                "sha256:9e2ec1e921fd07c7cda7962bad283acc2f2a9ccc1b971ee4b216b75fad6f0463",
                "sha256:9e91179a242bbc99be65e139e30690e081fe6cb91a8e77faf4c409653de39451",
                "sha256:a0eaa93d054751ee9964afa21c06247779b90440ca41d184aeb5d410f20ff591",
                "sha256:a2c405445c79c3f5a124573a051062300936b0281fee57637e706453e452746c",
                "sha256:aa7e402ce11f0885305bfb6afb3434b3cd8f53b563ac065452d9d5654c7b86fd",
                "sha256:aff76a55a8aa8364d25400a210a65ff59d0168e0b4285ba6bf2bd83cf675ba32",
                "sha256:b09b86b27a064c9624d0a6c54da01c1beaf5b6cadfa609cf63789b1d08a797b9",
                "sha256:b14f16f94cbc61215115b9b1236f9c18403c15dd3c52cf629072afa9d54c1cbf",
                "sha256:b50811d664d392f02f7761621303eba9d1b056fb1868c8cdf4231279645c25f5",
                "sha256:b7bc2176354defba3edc2b9a777744462da2f8e921fbaf61e52acb95bafa9828",
                "sha256:c78e1b00a87ce43bb37642c0812315b411e856a905d58d597750eb79802aaaa3",
                "sha256:c83341b89884e2b2e55886e8fbbf37c3fa5efd6c8907124aeb72f285ae5696e5",
                "sha256:ca2870d5d10d8726a27396d3ca4cf7976cec0f3cb706debe88e3a5bd4610f7d2",
                "sha256:ccce24b7ad89adb5a1e34a6ba96ac2530046763912806ad4c247356a8f33a67b",
                "sha256:cd5e14fbf22a87321b24c88669aad3a51ec052eb145315b3da3b7e3cc105b9a2",
                "sha256:ce49c67f4ea0609933d01c0731b34b8695a7a748d6c8d186f95e7d085d2fe475",
                "sha256:d33891be6df59d93df4d846640f0e46f1a807339f09e79a8040bc887bdcd7ed3",
                "sha256:d3b2348a78bc939b4fed6552abfd2e7988e0f81443ef3911a4b8498ca084f6eb",
                "sha256:d886f5d353333b4771d21267c7ecc75b710f1a73d72d03ca06df49b09015a9ef",
                "sha256:d93480005693d247f8346bc8ee28c72a2191bdf1f6b5db469c096c0c867ac015",
                "sha256:dc1a390a82755a8c26c9964d457d4c9cbec5405896cba94cf51f36ea0d855002",
                "sha256:dd78700f5788ae180b5ee8902c6aea5a5726bac7c364b202b4b3e3ba2d293170",
                "sha256:e46f38133e5a060d46bd630faa4d9fa0202377495df1f068a8299fd78c84de84",
                "sha256:e4b878386c4bf293578b48fc570b84ecfe477d3b77ba39a6e87150af77f40c57",
                "sha256:f0d0591a0aeaefdaf9a5e545e7485f89910c977087e7de2b6c388aec32011e9f",
                "sha256:fdcbb4068117dfd9ce0138d068ac512843c52295ed996ae6dd1faf537b6dbc27",
                "sha256:ff61bfd9253c3915e6d41c651d5f962da23eda633cf02262990094a18a55371a"
            ],
            "markers": "python_version >= '3.8'",
            "version": "==10.3.0"
        },
        "psutil": {
            "hashes": [
                "sha256:000d1d1ebd634b4efb383f4034437384e44a6d455260aaee2eca1e9c1b55f047",
                "sha256:045f00a43c737f960d273a83973b2511430d61f283a44c96bf13a6e829ba8fdc",
                "sha256:0895b8414afafc526712c498bd9de2b063deaac4021a3b3c34566283464aff8e",
                "sha256:1209036fbd0421afde505a4879dee3b2fd7b1e14fee81c0069807adcbbcca747",
                "sha256:1ad45a1f5d0b608253b11508f80940985d1d0c8f6111b5cb637533a0e6ddc13e",
                "sha256:353815f59a7f64cdaca1c0307ee13558a0512f6db064e92fe833784f08539c7a",
                "sha256:498c6979f9c6637ebc3a73b3f87f9eb1ec24e1ce53a7c5173b8508981614a90b",
                "sha256:5cd2bcdc75b452ba2e10f0e8ecc0b57b827dd5d7aaffbc6821b2a9a242823a76",
                "sha256:6d3fbbc8d23fcdcb500d2c9f94e07b1342df8ed71b948a2649b5cb060a7c94ca",
                "sha256:6e2dcd475ce8b80522e51d923d10c7871e45f20918e027ab682f94f1c6351688",
                "sha256:9118f27452b70bb1d9ab3198c1f626c2499384935aaf55388211ad982611407e",
                "sha256:9dcbfce5d89f1d1f2546a2090f4fcf87c7f669d1d90aacb7d7582addece9fb38",
                "sha256:a8506f6119cff7015678e2bce904a4da21025cc70ad283a53b099e7620061d85",
                "sha256:a8fb3752b491d246034fa4d279ff076501588ce8cbcdbb62c32fd7a377d996be",
                "sha256:c0e0c00aa18ca2d3b2b991643b799a15fc8f0563d2ebb6040f64ce8dc027b942",
                "sha256:d905186d647b16755a800e7263d43df08b790d709d575105d419f8b6ef65423a",
                "sha256:ff34df86226c0227c52f38b919213157588a678d049688eded74c76c8ba4a5d0"
            ],
            "index": "pypi",
            "markers": "python_version >= '2.7' and python_version not in '3.0, 3.1, 3.2, 3.3, 3.4, 3.5'",
            "version": "==6.1.0"
        },
        "pychrome": {
            "hashes": [
                "sha256:5deeeaaf51609d8a3fb5e2961652981150c4eefb50e223848b0e7520c00e6366",
                "sha256:70392b6592e4d0a00e91324efd9c89f6e6e47fa31e7b38a69973dc6489453478"
            ],
            "index": "pypi",
            "version": "==0.2.4"
        },
        "pycryptodome": {
            "hashes": [
                "sha256:0011f7f00cdb74879142011f95133274741778abba114ceca229adbf8e62c3e4",
                "sha256:11eeeb6917903876f134b56ba11abe95c0b0fd5e3330def218083c7d98bbcb3c",
                "sha256:14e15c081e912c4b0d75632acd8382dfce45b258667aa3c67caf7a4d4c13f630",
                "sha256:156df9667ad9f2ad26255926524e1c136d6664b741547deb0a86a9acf5ea631f",
                "sha256:187058ab80b3281b1de11c2e6842a357a1f71b42cb1e15bce373f3d238135c27",
                "sha256:257bb3572c63ad8ba40b89f6fc9d63a2a628e9f9708d31ee26560925ebe0210a",
                "sha256:350ebc1eba1da729b35ab7627a833a1a355ee4e852d8ba0447fafe7b14504d56",
                "sha256:447700a657182d60338bab09fdb27518f8856aecd80ae4c6bdddb67ff5da44ef",
                "sha256:45c69ad715ca1a94f778215a11e66b7ff989d792a4d63b68dc586a1da1392ff5",
                "sha256:4764e64b269fc83b00f682c47443c2e6e85b18273712b98aa43bcb77f8570477",
                "sha256:507dbead45474b62b2bbe318eb1c4c8ee641077532067fec9c1aa82c31f84886",
                "sha256:53ecbafc2b55353edcebd64bf5da94a2a2cdf5090a6915bcca6eca6cc452585a",
                "sha256:573a0b3017e06f2cffd27d92ef22e46aa3be87a2d317a5abf7cc0e84e321bd75",
                "sha256:63dad881b99ca653302b2c7191998dd677226222a3f2ea79999aa51ce695f720",
                "sha256:64093fc334c1eccfd3933c134c4457c34eaca235eeae49d69449dc4728079339",
                "sha256:6501790c5b62a29fcb227bd6b62012181d886a767ce9ed03b303d1f22eb5c625",
                "sha256:67bd81fcbe34f43ad9422ee8fd4843c8e7198dd88dd3d40e6de42ee65fbe1490",
                "sha256:6fe8258e2039eceb74dfec66b3672552b6b7d2c235b2dfecc05d16b8921649a8",
                "sha256:763d1d74f56f031788e5d307029caef067febf890cd1f8bf61183ae142f1a77b",
                "sha256:7ac1080a8da569bde76c0a104589c4f414b8ba296c0b3738cf39a466a9fb1818",
                "sha256:865d83c906b0fc6a59b510deceee656b6bc1c4fa0d82176e2b77e97a420a996a",
                "sha256:89d4d56153efc4d81defe8b65fd0821ef8b2d5ddf8ed19df31ba2f00872b8002",
                "sha256:90460fc9e088ce095f9ee8356722d4f10f86e5be06e2354230a9880b9c549aae",
                "sha256:93837e379a3e5fd2bb00302a47aee9fdf7940d83595be3915752c74033d17ca7",
                "sha256:954af0e2bd7cea83ce72243b14e4fb518b18f0c1649b576d114973e2073b273d",
                "sha256:9a53a4fe5cb075075d515797d6ce2f56772ea7e6a1e5e4b96cf78a14bac3d265",
                "sha256:9a77627a330ab23ca43b48b130e202582e91cc69619947840ea4d2d1be21eb39",
                "sha256:a176b79c49af27d7f6c12e4b178b0824626f40a7b9fed08f712291b6d54bf566",
                "sha256:a7fc76bf273353dc7e5207d172b83f569540fc9a28d63171061c42e361d22353",
                "sha256:aa0698f65e5b570426fc31b8162ed4603b0c2841cbb9088e2b01641e3065915b",
                "sha256:b34e8e11d97889df57166eda1e1ddd7676da5fcd4d71a0062a760e75060514b4",
                "sha256:c75b52aacc6c0c260f204cbdd834f76edc9fb0d8e0da9fbf8352ef58202564e2",
                "sha256:c8987bd3307a39bc03df5c8e0e3d8be0c4c3518b7f044b0f4c15d1aa78f52575",
                "sha256:ce64e84a962b63a47a592690bdc16a7eaf709d2c2697ababf24a0def566899a6",
                "sha256:cfb5cd445280c5b0a4e6187a7ce8de5a07b5f3f897f235caa11f1f435f182843",
                "sha256:d8e95564beb8782abfd9e431c974e14563a794a4944c29d6d3b7b5ea042110b4",
                "sha256:d97618c9c6684a97ef7637ba43bdf6663a2e2e77efe0f863cce97a76af396446",
                "sha256:ddb95b49df036ddd264a0ad246d1be5b672000f12d6961ea2c267083a5e19379",
                "sha256:dea827b4d55ee390dc89b2afe5927d4308a8b538ae91d9c6f7a5090f397af1aa",
                "sha256:e3f2d0aaf8080bda0587d58fc9fe4766e012441e2eed4269a77de6aea981c8be",
                "sha256:eb8f24adb74984aa0e5d07a2368ad95276cf38051fe2dc6605cbcf482e04f2a7"
            ],
            "index": "pypi",
            "markers": "python_version >= '2.7' and python_version not in '3.0, 3.1, 3.2, 3.3, 3.4, 3.5, 3.6'",
            "version": "==3.23.0"
        },
        "pypdf2": {
            "hashes": [
                "sha256:a74408f69ba6271f71b9352ef4ed03dc53a31aa404d29b5d31f53bfecfee1440",
                "sha256:d16e4205cfee272fbdc0568b68d82be796540b1537508cef59388f839c191928"
            ],
            "index": "pypi",
            "markers": "python_version >= '3.6'",
            "version": "==3.0.1"
        },
        "pysocks": {
            "hashes": [
                "sha256:08e69f092cc6dbe92a0fdd16eeb9b9ffbc13cadfe5ca4c7bd92ffb078b293299",
                "sha256:2725bd0a9925919b9b51739eea5f9e2bae91e83288108a9ad338b2e3a4435ee5",
                "sha256:3f8804571ebe159c380ac6de37643bb4685970655d3bba243530d6558b799aa0"
            ],
            "markers": "python_version >= '2.7' and python_version not in '3.0, 3.1, 3.2, 3.3'",
            "version": "==1.7.1"
        },
        "python-dotenv": {
            "hashes": [
                "sha256:1d8214789a24de455a8b8bd8ae6fe3c6b69a5e3d64aa8a8e5d68e694bbcb285a",
                "sha256:2c371a91fbd7ba082c2c1dc1f8bf89ca22564a087c2c287cd9b662adde799cf3"
            ],
            "markers": "python_version >= '3.10'",
            "version": "==1.2.2"
        },
        "pyvirtualdisplay": {
            "hashes": [
                "sha256:09755bc3ceb6eb725fb07eca5425f43f2358d3bf08e00d2a9b792a1aedd16159",
                "sha256:40d4b8dfe4b8de8552e28eb367647f311f88a130bf837fe910e7f180d5477f0e"
            ],
            "index": "pypi",
            "version": "==3.0"
        },
        "requests": {
            "hashes": [
                "sha256:2a0d60c172f83ac6ab31e4554906c0f3b3588d37b5cb939b1c061f4907e278e0",
                "sha256:f288924cae4e29463698d6d60bc6a4da69c89185ad1e0bcc4104f584e960b9ed"
            ],
            "markers": "python_version >= '3.10'",
            "version": "==2.34.2"
        },
        "selenium": {
            "hashes": [
                "sha256:b03a831fcfcab9d912b4682f60718c48a04560d6c62f7496c16b7498c9a4427e",
                "sha256:d01ea3e5ecad8149460a765f7cf5177194c21dcc0173093fc05427c289b1bf24"
            ],
            "index": "pypi",
            "markers": "python_version >= '3.10'",
            "version": "==4.44.0"
        },
        "sniffio": {
            "hashes": [
                "sha256:2f6da418d1f1e0fddd844478f41680e794e6051915791a034ff65e5f100525a2",
                "sha256:f4324edc670a0f49750a81b895f35c3adb843cca46f0530f79fc1babb23789dc"
            ],
            "markers": "python_version >= '3.7'",
            "version": "==1.3.1"
        },
        "sortedcontainers": {
            "hashes": [
                "sha256:25caa5a06cc30b6b83d11423433f65d1f9d76c4c6a0c90e3379eaa43b9bfdb88",
                "sha256:a163dcaede0f1c021485e957a39245190e74249897e2ae4b2aa38595db237ee0"
            ],
            "version": "==2.4.0"
        },
        "trio": {
            "hashes": [
                "sha256:3bd5d87f781d9b0192d592aef28691f8951d6c2e41b7e1da4c25cde6c180ae9b",
                "sha256:a29b92b73f09d4b48ed249acd91073281a7f1063f09caba5dc70465b5c7aa970"
            ],
            "markers": "python_version >= '3.10'",
            "version": "==0.33.0"
        },
        "trio-websocket": {
            "hashes": [
                "sha256:22c72c436f3d1e264d0910a3951934798dcc5b00ae56fc4ee079d46c7cf20fae",
                "sha256:df605665f1db533f4a386c94525870851096a223adcb97f72a07e8b4beba45b6"
            ],
            "markers": "python_version >= '3.8'",
            "version": "==0.12.2"
        },
        "typing-extensions": {
            "hashes": [
                "sha256:0cea48d173cc12fa28ecabc3b837ea3cf6f38c6d1136f85cbaaf598984861466",
                "sha256:f0fa19c6845758ab08074a0cfa8b7aecb71c999ca73d62883bc25cc018c4e548"
            ],
            "markers": "python_version >= '3.9'",
            "version": "==4.15.0"
        },
        "urllib3": {
            "extras": [
                "socks"
            ],
            "hashes": [
                "sha256:231e0ec3b63ceb14667c67be60f2f2c40a518cb38b03af60abc813da26505f4c",
                "sha256:9fb4c81ebbb1ce9531cce37674bbc6f1360472bc18ca9a553ede278ef7276897"
            ],
            "markers": "python_version >= '3.10'",
            "version": "==2.7.0"
        },
        "webdriver-manager": {
            "hashes": [
                "sha256:3832f4ab2186c86496b5c0a6d362357a294ca8c2be9972b49d089b809e262687",
                "sha256:4cedd217862e3fe324fadf7423fc9757c40af5979dda36493712c6c751224df1"
            ],
            "index": "pypi",
            "markers": "python_version >= '3.7'",
            "version": "==4.1.1"
        },
        "websocket-client": {
            "hashes": [
                "sha256:9e813624b6eb619999a97dc7958469217c3176312b3a16a4bd1bc7e08a46ec98",
                "sha256:af248a825037ef591efbf6ed20cc5faa03d3b47b9e5a2230a529eeee1c1fc3ef"
            ],
            "markers": "python_version >= '3.9'",
            "version": "==1.9.0"
        },
        "wsproto": {
            "hashes": [
                "sha256:61eea322cdf56e8cc904bd3ad7573359a242ba65688716b0710a5eb12beab584",
                "sha256:b86885dcf294e15204919950f666e06ffc6c7c114ca900b060d6e16293528294"
            ],
            "markers": "python_version >= '3.10'",
            "version": "==1.3.2"
        }
    },
    "develop": {}
}
