{
    "_meta": {
        "hash": {
            "sha256": "b891d39aea5a4cda1528ae8612f7c45649c3927e89074d0fb7bf1457dd1defa6"
        },
        "pipfile-spec": 6,
        "requires": {
            "python_version": "3.11"
        },
        "sources": [
            {
                "name": "pypi",
                "url": "https://pypi.org/simple",
                "verify_ssl": true
            }
        ]
    },
    "default": {
        "xlsxwriter": {
            "hashes": [
                "sha256:7e8f7c60b7a1660ef791d46ab5de78469cb978b991ca841af61f5832d2f9f4fe",
                "sha256:97618759cb264fb6a93397f660cca156ffa9561743b1823dafb60dc4474e1902"
            ],
            "index": "pypi",
            "markers": "python_version >= '3.6'",
            "version": "==3.2.1"
        }
    },
    "develop": {}
}
