{
    "_meta": {
        "hash": {
            "sha256": "8eb2edbafc88810c95de283235fb0bfd78996f88ec5a9b2c1f5056c74ab71f85"
        },
        "pipfile-spec": 6,
        "requires": {
            "python_version": "3.12"
        },
        "sources": [
            {
                "name": "pypi",
                "url": "https://pypi.org/simple",
                "verify_ssl": true
            }
        ]
    },
    "default": {
        "annotated-doc": {
            "hashes": [
                "sha256:117bac03a25ede5df5440e855b32d556049ca169ead221505badf432fed4b101",
                "sha256:c7e58ce09192557605d8bbd92836d7e1d520ac9580096042c0bfd197efacf1bb"
            ],
            "markers": "python_version >= '3.9'",
            "version": "==0.0.5"
        },
        "annotated-types": {
            "hashes": [
                "sha256:13b2beaad985e05e2d6407ee4c4f35590b11f8d693a258a561055cac8f64cab7",
                "sha256:f072f4d804ea359e4eaf198b1af7a8b0943881a87f31bb764f8bf219bb9419e0"
            ],
            "markers": "python_version >= '3.10'",
            "version": "==0.8.0"
        },
        "anyio": {
            "hashes": [
                "sha256:9f505dda5ac9f0c8309b5e8bd445a8c2bf7246f3ce950121e45ea15bc41d1494",
                "sha256:cfa139f3ed1a23ee8f88a145ddb5ac7605b8bbfd8592baacd7ce3d8bb4313c7f"
            ],
            "markers": "python_version >= '3.10'",
            "version": "==4.14.2"
        },
        "click": {
            "hashes": [
                "sha256:9a6cea6e60b17ebe0a44c5cc636d94f09bd66142c1cd7d8b4cd731c4917a15f6",
                "sha256:e6f9f66136c816745b9d65817da91d61d957fb16e02e4dcd0552553c5a197b76"
            ],
            "markers": "python_version >= '3.10'",
            "version": "==8.4.2"
        },
        "fastapi": {
            "hashes": [
                "sha256:bfb91aa2d334c61cb35ba9a116fc123b3d3df31640b801cf57a7a78ec3f603b3",
                "sha256:e8822fc40db1e1858054d7a949a888695bc9bdce70139178e33bd2871a453ca1"
            ],
            "index": "pypi",
            "markers": "python_version >= '3.10'",
            "version": "==0.141.1"
        },
        "gevent": {
            "hashes": [
                "sha256:1c3443b0ed23dcb7c36a748d42587168672953d368f2956b17fad36d43b58836",
                "sha256:1d4fadc319b13ef0a3c44d2792f7918cf1bca27cacd4d41431c22e6b46668026",
                "sha256:1ea50009ecb7f1327347c37e9eb6561bdbc7de290769ee1404107b9a9cba7cf1",
                "sha256:2142704c2adce9cd92f6600f371afb2860a446bfd0be5bd86cca5b3e12130766",
                "sha256:351d1c0e4ef2b618ace74c91b9b28b3eaa0dd45141878a964e03c7873af09f62",
                "sha256:356b73d52a227d3313f8f828025b665deada57a43d02b1cf54e5d39028dbcf8d",
                "sha256:3d882faa24f347f761f934786dde6c73aa6c9187ee710189f12dcc3a63ed4a50",
                "sha256:58851f23c4bdb70390f10fc020c973ffcf409eb1664086792c8b1e20f25eef43",
                "sha256:68bee86b6e1c041a187347ef84cf03a792f0b6c7238378bf6ba4118af11feaae",
                "sha256:7398c629d43b1b6fd785db8ebd46c0a353880a6fab03d1cf9b6788e7240ee32e",
                "sha256:816b3883fa6842c1cf9d2786722014a0fd31b6312cca1f749890b9803000bad6",
                "sha256:81d918e952954675f93fb39001da02113ec4d5f4921bf5a0cc29719af6824e5d",
                "sha256:85329d556aaedced90a993226d7d1186a539c843100d393f2349b28c55131c85",
                "sha256:8619d5c888cb7aebf9aec6703e410620ef5ad48cdc2d813dd606f8aa7ace675f",
                "sha256:8bd1419114e9e4a3ed33a5bad766afff9a3cf765cb440a582a1b3a9bc80c1aca",
                "sha256:92e0d7759de2450a501effd99374256b26359e801b2d8bf3eedd3751973e87f5",
                "sha256:92fe5dfee4e671c74ffaa431fd7ffd0ebb4b339363d24d0d944de532409b935e",
                "sha256:97e2f3999a5c0656f42065d02939d64fffaf55861f7d62b0107a08f52c984897",
                "sha256:9d3b249e4e1f40c598ab8393fc01ae6a3b4d51fc1adae56d9ba5b315f6b2d758",
                "sha256:a3d75fa387b69c751a3d7c5c3ce7092a171555126e136c1d21ecd8b50c7a6e46",
                "sha256:a5f1701ce0f7832f333dd2faf624484cbac99e60656bfbb72504decd42970f0f",
                "sha256:b24d800328c39456534e3bc3e1684a28747729082684634789c2f5a8febe7671",
                "sha256:b5efe72e99b7243e222ba0c2c2ce9618d7d36644c166d63373af239da1036bab",
                "sha256:b7bfcfe08d038e1fa6de458891bca65c1ada6d145474274285822896a858c870",
                "sha256:beede1d1cff0c6fafae3ab58a0c470d7526196ef4cd6cc18e7769f207f2ea4eb",
                "sha256:c6b775381f805ff5faf250e3a07c0819529571d19bb2a9d474bee8c3f90d66af",
                "sha256:c9c935b83d40c748b6421625465b7308d87c7b3717275acd587eef2bd1c39546",
                "sha256:ca845138965c8c56d1550499d6b923eb1a2331acfa9e13b817ad8305dde83d11",
                "sha256:d618e118fdb7af1d6c1a96597a5cd6ac84a9f3732b5be8515c6a66e098d498b6",
                "sha256:d6c0a065e31ef04658f799215dddae8752d636de2bed61365c358f9c91e7af61",
                "sha256:d740206e69dfdfdcd34510c20adcb9777ce2cc18973b3441ab9767cd8948ca8a",
                "sha256:d7886b63ebfb865178ab28784accd32f287d5349b3ed71094c86e4d3ca738af5",
                "sha256:d9347690f4e53de2c4af74e62d6fabc940b6d4a6cad555b5a379f61e7d3f2a8e",
                "sha256:d9ca80711e6553880974898d99357fb649e062f9058418a92120ca06c18c3c59",
                "sha256:e24181d172f50097ac8fc272c8c5b030149b630df02d1c639ee9f878a470ba2b",
                "sha256:ec68e270543ecd532c4c1d70fca020f90aa5486ad49c4f3b8b2e64a66f5c9274",
                "sha256:f43f47e702d0c8e1b8b997c00f1601486f9f976f84ab704f8f11536e3fa144c9",
                "sha256:ff96c5739834c9a594db0e12bf59cb3fa0e5102fc7b893972118a3166733d61c"
            ],
            "index": "pypi",
            "markers": "python_version >= '3.9'",
            "version": "==24.11.1"
        },
        "greenlet": {
            "hashes": [
                "sha256:0153404a4bb921f0ff1abeb5ce8a5131da56b953eda6e14b88dc6bbc04d2049e",
                "sha256:03a088b9de532cbfe2ba2034b2b85e82df37874681e8c470d6fb2f8c04d7e4b7",
                "sha256:04b013dc07c96f83134b1e99888e7a79979f1a247e2a9f59697fa14b5862ed01",
                "sha256:05175c27cb459dcfc05d026c4232f9de8913ed006d42713cb8a5137bd49375f1",
                "sha256:09fc016b73c94e98e29af67ab7b9a879c307c6731a2c9da0db5a7d9b7edd1159",
                "sha256:0bbae94a29c9e5c7e4a2b7f0aae5c17e8e90acbfd3bf6270eeba60c39fce3563",
                "sha256:0fde093fb93f35ca72a556cf72c92ea3ebfda3d79fc35bb19fbe685853869a83",
                "sha256:1443279c19fca463fc33e65ef2a935a5b09bb90f978beab37729e1c3c6c25fe9",
                "sha256:1776fd7f989fc6b8d8c8cb8da1f6b82c5814957264d1f6cf818d475ec2bf6395",
                "sha256:1d3755bcb2e02de341c55b4fca7a745a24a9e7212ac953f6b3a48d117d7257aa",
                "sha256:23f20bb60ae298d7d8656c6ec6db134bca379ecefadb0b19ce6f19d1f232a942",
                "sha256:275f72decf9932639c1c6dd1013a1bc266438eb32710016a1c742df5da6e60a1",
                "sha256:2846930c65b47d70b9d178e89c7e1a69c95c1f68ea5aa0a58646b7a96df12441",
                "sha256:3319aa75e0e0639bc15ff54ca327e8dc7a6fe404003496e3c6925cd3142e0e22",
                "sha256:346bed03fe47414091be4ad44786d1bd8bef0c3fcad6ed3dee074a032ab408a9",
                "sha256:36b89d13c49216cadb828db8dfa6ce86bbbc476a82d3a6c397f0efae0525bdd0",
                "sha256:37b9de5a96111fc15418819ab4c4432e4f3c2ede61e660b1e33971eba26ef9ba",
                "sha256:396979749bd95f018296af156201d6211240e7a23090f50a8d5d18c370084dc3",
                "sha256:3b2813dc3de8c1ee3f924e4d4227999285fd335d1bcc0d2be6dc3f1f6a318ec1",
                "sha256:411f015496fec93c1c8cd4e5238da364e1da7a124bcb293f085bf2860c32c6f6",
                "sha256:47da355d8687fd65240c364c90a31569a133b7b60de111c255ef5b606f2ae291",
                "sha256:48ca08c771c268a768087b408658e216133aecd835c0ded47ce955381105ba39",
                "sha256:4afe7ea89de619adc868e087b4d2359282058479d7cfb94970adf4b55284574d",
                "sha256:4ce3ac6cdb6adf7946475d7ef31777c26d94bccc377e070a7986bd2d5c515467",
                "sha256:4ead44c85f8ab905852d3de8d86f6f8baf77109f9da589cb4fa142bd3b57b475",
                "sha256:54558ea205654b50c438029505def3834e80f0869a70fb15b871c29b4575ddef",
                "sha256:5e06afd14cbaf9e00899fae69b24a32f2196c19de08fcb9f4779dd4f004e5e7c",
                "sha256:62ee94988d6b4722ce0028644418d93a52429e977d742ca2ccbe1c4f4a792511",
                "sha256:63e4844797b975b9af3a3fb8f7866ff08775f5426925e1e0bbcfe7932059a12c",
                "sha256:6510bf84a6b643dabba74d3049ead221257603a253d0a9873f55f6a59a65f822",
                "sha256:667a9706c970cb552ede35aee17339a18e8f2a87a51fba2ed39ceeeb1004798a",
                "sha256:6ef9ea3f137e5711f0dbe5f9263e8c009b7069d8a1acea822bd5e9dae0ae49c8",
                "sha256:7017b2be767b9d43cc31416aba48aab0d2309ee31b4dbf10a1d38fb7972bdf9d",
                "sha256:7124e16b4c55d417577c2077be379514321916d5790fa287c9ed6f23bd2ffd01",
                "sha256:73aaad12ac0ff500f62cebed98d8789198ea0e6f233421059fa68a5aa7220145",
                "sha256:77c386de38a60d1dfb8e55b8c1101d68c79dfdd25c7095d51fec2dd800892b80",
                "sha256:7876452af029456b3f3549b696bb36a06db7c90747740c5302f74a9e9fa14b13",
                "sha256:7939aa3ca7d2a1593596e7ac6d59391ff30281ef280d8632fa03d81f7c5f955e",
                "sha256:8320f64b777d00dd7ccdade271eaf0cad6636343293a25074cc5566160e4de7b",
                "sha256:85f3ff71e2e60bd4b4932a043fbbe0f499e263c628390b285cb599154a3b03b1",
                "sha256:8b8b36671f10ba80e159378df9c4f15c14098c4fd73a36b9ad715f057272fbef",
                "sha256:93147c513fac16385d1036b7e5b102c7fbbdb163d556b791f0f11eada7ba65dc",
                "sha256:935e943ec47c4afab8965954bf49bfa639c05d4ccf9ef6e924188f762145c0ff",
                "sha256:94b6150a85e1b33b40b1464a3f9988dcc5251d6ed06842abff82e42632fac120",
                "sha256:94ebba31df2aa506d7b14866fed00ac141a867e63143fe5bca82a8e503b36437",
                "sha256:95ffcf719966dd7c453f908e208e14cde192e09fde6c7186c8f1896ef778d8cd",
                "sha256:98884ecf2ffb7d7fe6bd517e8eb99d31ff7855a840fa6d0d63cd07c037f6a981",
                "sha256:99cfaa2110534e2cf3ba31a7abcac9d328d1d9f1b95beede58294a60348fba36",
                "sha256:9e8f8c9cb53cdac7ba9793c276acd90168f416b9ce36799b9b885790f8ad6c0a",
                "sha256:a0dfc6c143b519113354e780a50381508139b07d2177cb6ad6a08278ec655798",
                "sha256:b2795058c23988728eec1f36a4e5e4ebad22f8320c85f3587b539b9ac84128d7",
                "sha256:b42703b1cf69f2aa1df7d1030b9d77d3e584a70755674d60e710f0af570f3761",
                "sha256:b7cede291382a78f7bb5f04a529cb18e068dd29e0fb27376074b6d0317bf4dd0",
                "sha256:b8a678974d1f3aa55f6cc34dc480169d58f2e6d8958895d68845fa4ab566509e",
                "sha256:b8da394b34370874b4572676f36acabac172602abf054cbc4ac910219f3340af",
                "sha256:c3a701fe5a9695b238503ce5bbe8218e03c3bcccf7e204e455e7462d770268aa",
                "sha256:c4aab7f6381f38a4b42f269057aee279ab0fc7bf2e929e3d4abfae97b682a12c",
                "sha256:ca9d0ff5ad43e785350894d97e13633a66e2b50000e8a183a50a88d834752d42",
                "sha256:d0028e725ee18175c6e422797c407874da24381ce0690d6b9396c204c7f7276e",
                "sha256:d21e10da6ec19b457b82636209cbe2331ff4306b54d06fa04b7c138ba18c8a81",
                "sha256:d5e975ca70269d66d17dd995dafc06f1b06e8cb1ec1e9ed54c1d1e4a7c4cf26e",
                "sha256:da7a9bff22ce038e19bf62c4dd1ec8391062878710ded0a845bcf47cc0200617",
                "sha256:db32b5348615a04b82240cc67983cb315309e88d444a288934ee6ceaebcad6cc",
                "sha256:dcc62f31eae24de7f8dce72134c8651c58000d3b1868e01392baea7c32c247de",
                "sha256:dfc59d69fc48664bc693842bd57acfdd490acafda1ab52c7836e3fc75c90a111",
                "sha256:e347b3bfcf985a05e8c0b7d462ba6f15b1ee1c909e2dcad795e49e91b152c383",
                "sha256:e4d333e558953648ca09d64f13e6d8f0523fa705f51cae3f03b5983489958c70",
                "sha256:ed10eac5830befbdd0c32f83e8aa6288361597550ba669b04c48f0f9a2c843c6",
                "sha256:efc0f674aa41b92da8c49e0346318c6075d734994c3c4e4430b1c3f853e498e4",
                "sha256:f1695e76146579f8c06c1509c7ce4dfe0706f49c6831a817ac04eebb2fd02011",
                "sha256:f1d4aeb8891338e60d1ab6127af1fe45def5259def8094b9c7e34690c8858803",
                "sha256:f406b22b7c9a9b4f8aa9d2ab13d6ae0ac3e85c9a809bd590ad53fed2bf70dc79",
                "sha256:f6ff3b14f2df4c41660a7dec01045a045653998784bf8cfcb5a525bdffffbc8f"
            ],
            "markers": "python_version >= '3.7'",
            "version": "==3.1.1"
        },
        "h11": {
            "hashes": [
                "sha256:4e35b956cf45792e4caa5885e69fba00bdbc6ffafbfa020300e549b208ee5ff1",
                "sha256:63cf8bbe7522de3bf65932fda1d9c2772064ffb3dae62d55932da54b31cb6c86"
            ],
            "markers": "python_version >= '3.8'",
            "version": "==0.16.0"
        },
        "idna": {
            "hashes": [
                "sha256:7f952cbe720b688055e3f87de14f5c3e5fdaa8bc3928985c4077ca689de849a2",
                "sha256:ffb385a7e039654cef1ab9ef32c6fafe283c0c0467bba1d9029738ce4a14a848"
            ],
            "markers": "python_version >= '3.9'",
            "version": "==3.18"
        },
        "lark-parser": {
            "hashes": [
                "sha256:062800f3823a6c733ec1d181a2089a22d1f62dbe65f90a3f6b1e6de1934b05ef"
            ],
            "version": "==0.6.7"
        },
        "pydantic": {
            "hashes": [
                "sha256:346a034f080da3755d8e9cb5e00e8b07de1d39e4f6e2c87d8ab7cafa0b269a73",
                "sha256:51a9c5f7b2f8e636f04c6cada605d9b6a3bf1348fdf945a3d8869b19bba0ee08"
            ],
            "index": "pypi",
            "markers": "python_version >= '3.9'",
            "version": "==2.13.5"
        },
        "pydantic-core": {
            "hashes": [
                "sha256:013d6f3483d81e02e7c328831808f336c8596ee33b4bd4026b9ffb1e960b8942",
                "sha256:03b9666e41e35d8909852ba191a0607520f81b74eaf12ccf8737005dbb313821",
                "sha256:045ab3b6d308439e32b81cc173bba5b9018bc6ed896afd0c65b3b009b1699af5",
                "sha256:0bddb4020d8f04175865ccd17eff3040874fc11fb593f424edb452653b4b947c",
                "sha256:0cdbada856a1c69a7624a64d3d9aefe79300bd6ef827b43a4f265010b9b55184",
                "sha256:0fc5be0abd4a407e200d844b404e33639a554e7bd0d448e7b9ae181be4789ac2",
                "sha256:10416c15b8839ecc4ef4d0885da76da6fd0f67333a0eb8aff6d93c4b8f2910fc",
                "sha256:15f4a94963c95accac15b7b657bb177d3ad82bb90b0d0526d9a9b85079925db5",
                "sha256:18a09e1e1011b462f2e32774f25859ef1223d5c2b0546a633cf56654710721e0",
                "sha256:193375f3548919d3f0b60936ca113ada3e38f264f91b9b8e0508efaad57be931",
                "sha256:1a353f84de772f423b5ffb11d7ae352fbbef0f446f3c0b0af0f8236d7233606e",
                "sha256:1e449def1945a462c464331254e5a44fca7c3b4f9aedf59ec2f50f8066dd8e25",
                "sha256:1e5aad1220a1192c42341c8fd4a8686657e73ab2a920c970bdc4de334fe3193d",
                "sha256:200aa3dc9f8d54f0754f43247c0bad0999fdcfbfd2488384dd44f37279271fe6",
                "sha256:2471fd51c61c610e1dcf7de44d7299283661654d11264ab4802b303368d69c47",
                "sha256:24922243639cbdac66c75fcb6fd6495a9cb52b213d62f9a0d16f0310b1ff8038",
                "sha256:28a6a556cd3b6066bea827857f9d9cce027c96f776e512f544a581f9e42161f8",
                "sha256:2bc9419666990c06d7397831f2126a1ecc3594aaa3ff7de5bf2d066802f4e07b",
                "sha256:2cbd9a5eff05e51c447c34dfa4632145b26b09120cf04bd0c871e44c1a5e1c9a",
                "sha256:2d330aaba8621b1edcec8ae2c4050f63b84ccf6d98723a8f212e9684713abf0e",
                "sha256:2d5d76654becf5efd62c9e51c3756c67b49498b0c9a40884934c40807adbd074",
                "sha256:337639ba62a11acde6ef3aeb08c8ea755f8ef1fe5e513356c0f36a2b0d7568b0",
                "sha256:347ec774390c87326a2e4929d58d3f7e8763a104d5d35f4cd595a4c952366433",
                "sha256:356c8368cbc321050b169595683a2e1d63413b1e0e2868b330af9fc14c616d3f",
                "sha256:37ae34309d7bd8c0d61ab839668058f2a7962ea1fc51d105d2db228fe0618034",
                "sha256:37ea7b83c935e5b0d68c9449b82651accf78a10828b2c02b2f2d9e9496446c21",
                "sha256:3a3e26b6a8274211bddee2d0e4d0d42778f17a34510f49d2ec44b58abfc41736",
                "sha256:3aa166e99c4f2985407fb8714aebede877ecb5455cf321b606adca926d30d5a0",
                "sha256:3d2652072b2d774947ba5cf78a9e59644ac62ee572daf6dd2e1dfe905e15b2b7",
                "sha256:40375c2d05acec10323e45dfe2077ac44bc74659008614af5069034e2cfc781c",
                "sha256:413a717a410d0c817ef5b786a059415550b3794e1d0c2abffd9efb93a3d9f7b4",
                "sha256:46c25dda9d092a06c08db76ffe0a197107904d0dfac653f7d5306bbcd6d6119c",
                "sha256:49776eab08766a08dfff7012f8b422dcd7e25e43b316eedf0477c24fcfa84b7c",
                "sha256:4d44cf99ddebf875f9b68cc267aa684c99b7b44fe63ee1cac4ec163807290069",
                "sha256:4dedce55295becb61921e386b99d4f2706045306e7fa52249a33004c837379fb",
                "sha256:4f8507560a9284e1370bb048ed4282012fbef4e8d109875b95e884d228552061",
                "sha256:4fdc8b93a41521988916eeaa271173fcca7fa0803d62f87675aac8dcec1c8e29",
                "sha256:5086029a57366b8cf81b130a43908738095c270c21a8d7f0e8bdfdb89718e2f3",
                "sha256:52e24eacdb536cade636aa90fb851835222becff8484b7001fdc78cb0290f2aa",
                "sha256:53feb344243bb9510a9dec7bf3cf1b64d88a98af5dc7872a5160465f8b198c8e",
                "sha256:545f26c504b27c3758439a5e6d9349931f0a04f855668d5fe323c89e82300a38",
                "sha256:54d510bac3ee52247af28ed4bb18a1e799f040ac60fd2bf5ccd4c92f1fbe786f",
                "sha256:5cb482e9e84c851f4e623fe4acc1ced89168cf1fe18f7089db4548c8f5bbb65b",
                "sha256:5e81740c09e310f5aa5cbd3e434a01c154d4bef93241c7877b39f211d2b78ba8",
                "sha256:5ee239d575f80b08eca11f6e20f90c4c695de7825c67eefe6091fbf20dda648e",
                "sha256:5f194189415698233dd1114a093a9b56e61e2c57e11b469be3b0506f46f0771c",
                "sha256:5f93c5fe914d75fbec9a49209b00da5f08e9e467d69da2b1510c81940cfd10be",
                "sha256:657b40d6240c0a7b6a64b30f22d1e3aa631c7e846c621b0c0f6d1d75e2e15ea6",
                "sha256:6d30e1a4f138b8951063e9a394752a9179b51da288ffa507b1e659222f4c1793",
                "sha256:6f7b393a8b3da82f5c1fc0751e6d01ac6c55b93c18226a60bdfba4a724efafd1",
                "sha256:701b2e04b560eeb4bddf7a25ab8ca476176e34fdbd9a0e18196f0d12d4685f0b",
                "sha256:771cf63ae0b1b50dd22e5f3e3549fab5f3f4ff1635d352a9e1a97fe01c7b2e64",
                "sha256:79bdfa52f843137045b2d081cc05c120ba6665d29b7559c2c47690906f39279f",
                "sha256:7ac031912d54f3d83ef3b3eb98dfabc1608802e2202263d25957eeed40b94761",
                "sha256:7b0fc826b16c55e561e5d2a0c5c77b051ba1d92808118c4e4b5390f5e0cf191d",
                "sha256:7c6be839a5a8312626b32029a415644a0846b420bc8b52b95b28cd92da162168",
                "sha256:816ff0a6550ffc06c098ccd2e0698600f9aa7da192a79eaa6f9af504a35db869",
                "sha256:82a36973cf8a2ef5406f4fe2edbf8ed0c99629535d959e0b100c76a32535a111",
                "sha256:837b396ca3d7b74091ca623f6cbd8351bd42d670a79c2683e79fb089f06a2de5",
                "sha256:850a08d167dde16db8702c274f320c7be9d7da6f6dff2b58b18f9e815bd94f5b",
                "sha256:8816f3d218beb4b787de5c9759c259b8fa61f9dec42dc7811f320a33771778b7",
                "sha256:892a881d5f68c2b9ea304b7a6c2c60d9343df578a311b0f86b94bc8f1ffe8129",
                "sha256:895395f8918627b04efb1ad2a4cf605387143300ba03304cd1dfa6d03f5e095e",
                "sha256:8b10e3e8fd7ddc2bd915848a2768e44c15b22936f1cc54c462ad1164deb02655",
                "sha256:8e24d8f05fa2d28513d94e877e9c75ad66175376209b3977f916e240e623193c",
                "sha256:8feeac04b5794e513e710af2f9c87d49f31a6dc47967bb264a1fed61a8989bec",
                "sha256:9432f3598db432cb51c5b37fdbf29a60fcccc79e30d37a05022776a6bc4ab689",
                "sha256:976e1128455aa595ea04c79ccfedff1aaeab96ee013fcc916bed120c4f0ad94f",
                "sha256:978e7b97d4824b5be09c69fb70507cbde3b0323fc147332ca40a94d9a6a0ebbf",
                "sha256:97bf8de4d541598c94a59344eeb988a94c08ff76b5723c41f6567ec18c7892ea",
                "sha256:97cf3eb53a8cccacf9d46686a0926186c9bfb5574f2ed66d3639d5fe117cd3a9",
                "sha256:9b68938dd5b0c783d88ff8e2dcc69451b5eb936fe212d516b21b9d5567f6d464",
                "sha256:9c4b71f10dd532fb7a5cbc8f58707779e64f03a258c2bf8bfbaecfcd9970b519",
                "sha256:9f47b8a949e60f027f0aa0a6f6c7b7e9c55cbf4380d10b344e282fa4e7ab1e1b",
                "sha256:a1dee1b804ff4d11c663636cf15d2ea47e9f79cd56c033fb1cbf08924842a48f",
                "sha256:a2468d93d181667a7abd66e1b64bb9f76f361b0fef8faddf687456453576f5ee",
                "sha256:a2a5e1d0ff29adddc9f6d6821a66302e4493f8ca898b715b6b1182c2c201ea0a",
                "sha256:a39ac25a9a2fa4072efdb429833c4a4c8009a51ff9eea3eeae131713cd27991e",
                "sha256:a445486499897b88a7d6c310c88ed64dd37b1b59bfd7ae9107490bbb362f47d6",
                "sha256:a91c17edf6eea2402cb5457b4c89e99bc5ed1004aa34c4adf1d4258c1a5c22c2",
                "sha256:ab4b66edffb32d9e951efb3814bd104b8367a7501b81b955cacb5726d897389f",
                "sha256:aca6c767f552b21b10f774aeac128e828eafb796adfa1b666a18bf6321453c3a",
                "sha256:acf8a67ba51f4ca9ddbd0e6b3000a65ac51ab734661778b3e7ba64d99a710f2f",
                "sha256:b10ec717381bdbfafef34607824db4c91de69ff085e4fca3b2af91b4fa17e68a",
                "sha256:b49924c73a235e969511bf2aabdff3beebf9820931f646c80274d5d780010c47",
                "sha256:b6acfb46a814762367fb7ba0828b0a17d441b92ce249a0e007474c9072662dda",
                "sha256:b7ca9034437b6022f941f4857459562ee00a560b97e7cce8a0ec5a74fc6766e0",
                "sha256:b98134087d9de723658d17a42c7d0da8d6e2ef08015dee7dc93889047315f5e4",
                "sha256:b9fe6fb92520e3fd61f2e49000b6911b188824f089b75973ea06d6267f0b476d",
                "sha256:bce57638e08ac148e5778cce7feb968307a727d66f8e2274a543d0cf0c9ad6a3",
                "sha256:c14ad3bdc85ee7f318742c457ca3968a92126d144b15721c759033bfb06296c2",
                "sha256:c1c43ad4339643d70ebb8124e1305a7dab423001eff58bb41a0f731adbc98355",
                "sha256:c3471e5c4a949c26ec00a77f01df59096aa9495877de76fd60a980f8ee6be461",
                "sha256:c583b927a8838dab890706a6fa7573fbb8b70e24000ef9f7238e2d6f6435a5ed",
                "sha256:c76fe65e607be28c7fd4d56fc3c42b1583aa058ce3408b7ad0fd540171d31f9f",
                "sha256:c7ea57fc63aa7da93a1bd2d644e6577befae10c52c4e36377635eea1056a74f5",
                "sha256:cd5214352ae68f3b5e9af7768bdc5253695ee069675db3480518420b3be881f2",
                "sha256:cdbb78909f52b981d3b2d56b97328d71eb0b974c36bd77c920123a7ebb192829",
                "sha256:cdc8b74ecc48c0cb1e9607a05ec4e9e88db60a19ffcc9a1d5f9088ede40c8dc0",
                "sha256:d0a24b40877af2de4950252be9d21eaf7fb07660f3c2cae1f56c6b599ada5266",
                "sha256:d22a945598fb91236b4dd793a6e42e4f3dd7740bb5aace5ebd7d4c08d13bb575",
                "sha256:d2f9fc07a8042a8f95925b35c4f04f469707c981fc33245b6ca187cf5d2dd290",
                "sha256:d625a186a65201c23a9e3b8ed9c47e90a026e03256608cc91851c6709096844f",
                "sha256:d925f3d9afd05a8c0fb3a1031463a8d59ebe5e2afad297e29c78be19e13b4e62",
                "sha256:e64e88d5585bea9ce95861079de72006c7fa6d3df4e3a3b65ba31eb979c15c9f",
                "sha256:e652ab17569c94bff5475520f907b7148b8c24036a8ebbe5cf7cf7493d28579a",
                "sha256:e7b891faeedeafba41b2983e5001a81b6a915b69544c7e7570d1989ce1c36ac7",
                "sha256:e80675d75ae2cd14372cb65cad5400d9347a3d3f6c13000183f22dfd027283ed",
                "sha256:e9c134bb666dd54b778b9fc0d2b50cbb7f979b9e3716f26a88c9ab3b6fc1dd0f",
                "sha256:eb7d8d0e5886a89a55d2eef490e272fa965a9d57c6b29a5b5088a7997ec2cad1",
                "sha256:ecb42011e12ee19cafbc312887cbf3546959fe02fbad44f272d4be5baa997615",
                "sha256:ef3fbbf161dc9351a2fe0422e51b129f9e97e42385bd0320b309c15f7d287dd8",
                "sha256:efd62a42486f1bda5d24cb4f63d15a3c7768375fe83d36f9417b4ad7a2fb20b3",
                "sha256:f077d0b97ab11fa7dcc633fca53515f290bca8a8a633e966d5b6d1879d9ed01a",
                "sha256:f332f0e72a5a0400141f830744e141bf9f97917878dbe968669e8a7fefea78ff",
                "sha256:f7b0ec93a2893de856652154d73b7ba622f26fa97726487dcac373de5f4c6084",
                "sha256:fa10ef4112775900e7a0661068635eb67b2ab824fbde764de6e0e21982a93db0",
                "sha256:fc5d783bd4a2387e97b8a2d5ec781cfb92b3d893bf82370548e99db5915935d3",
                "sha256:fc8515076c11f3cfdf4fb142dcca0fe384b1230a3b5415458ac84f3e0903ec13",
                "sha256:ff218293c9c806138dca139765e3b067621be52bcd93cdc14c7711be7ddc90a9"
            ],
            "markers": "python_version >= '3.9'",
            "version": "==2.46.5"
        },
        "setuptools": {
            "hashes": [
                "sha256:c5afc8f407c626b8313a86e10311dd3f661c6cd9c09d4bf8c15c0e11f9f2b0e6",
                "sha256:e3982f444617239225d675215d51f6ba05f845d4eec313da4418fdbb56fb27e3"
            ],
            "markers": "python_version >= '3.9'",
            "version": "==75.8.0"
        },
        "sniffio": {
            "hashes": [
                "sha256:2f6da418d1f1e0fddd844478f41680e794e6051915791a034ff65e5f100525a2",
                "sha256:f4324edc670a0f49750a81b895f35c3adb843cca46f0530f79fc1babb23789dc"
            ],
            "markers": "python_version >= '3.7'",
            "version": "==1.3.1"
        },
        "starlette": {
            "hashes": [
                "sha256:05d0213193f2fbaae60e2ecb593b4add4262ad4e46536b54abe36f11a71724e0",
                "sha256:c7372aae11c3c3f26a42df7bd626cec2f47d03483d261d369516a615a53714c6"
            ],
            "markers": "python_version >= '3.10'",
            "version": "==1.3.1"
        },
        "syslog-rfc5424-parser": {
            "hashes": [
                "sha256:6134ee1958da89ab7f8d32ed5370a49ddabcc99d75a950b6ec59708417f20a7a",
                "sha256:80a9239d4da404a271266000f4c5f00a183af3d03d53d19d7052c8272430bee9"
            ],
            "index": "pypi",
            "version": "==0.3.2"
        },
        "syslogmp": {
            "hashes": [
                "sha256:bcf94858407cf8993e9bf73dc306157f087db6c66503e74853d0a95bf6a4f0fb",
                "sha256:c25215db4b167d333c829d6e2afd83d7c8fb2ce3957f1b64019fac527398ca23"
            ],
            "index": "pypi",
            "markers": "python_version >= '3.7'",
            "version": "==0.4"
        },
        "typing-extensions": {
            "hashes": [
                "sha256:481caa481374e813c1b176ada14e97f1f67a4539ce9cfeb3f350d78d6370c2e8",
                "sha256:dc983d19a509c94dba722ee6abd33940f7c05a89e243c47e907eb4db6f1a43e5"
            ],
            "markers": "python_version >= '3.9'",
            "version": "==4.16.0"
        },
        "typing-inspection": {
            "hashes": [
                "sha256:547274fa6b0a561ccf549cc9524b999a578e737d015d8709d021f9d0d13bea47",
                "sha256:65b8397ba37ccbce054456aaccddfc91e6e3083c92824df348d96ca832f3f147"
            ],
            "markers": "python_version >= '3.10'",
            "version": "==0.4.4"
        },
        "uvicorn": {
            "hashes": [
                "sha256:73acfee47a0b133c5de13d219492d62d8a31e935f4fe6e41a232451a15379f86",
                "sha256:f86e41a149d7d05a9969337e3946a9c171c06a5d42680896daaba624aeac8da1"
            ],
            "index": "pypi",
            "markers": "python_version >= '3.10'",
            "version": "==0.52.4"
        },
        "zope.event": {
            "hashes": [
                "sha256:2832e95014f4db26c47a13fdaef84cef2f4df37e66b59d8f1f4a8f319a632c26",
                "sha256:bac440d8d9891b4068e2b5a2c5e2c9765a9df762944bda6955f96bb9b91e67cd"
            ],
            "markers": "python_version >= '3.7'",
            "version": "==5.0"
        },
        "zope.interface": {
            "hashes": [
                "sha256:033b3923b63474800b04cba480b70f6e6243a62208071fc148354f3f89cc01b7",
                "sha256:05b910a5afe03256b58ab2ba6288960a2892dfeef01336dc4be6f1b9ed02ab0a",
                "sha256:086ee2f51eaef1e4a52bd7d3111a0404081dadae87f84c0ad4ce2649d4f708b7",
                "sha256:0ef9e2f865721553c6f22a9ff97da0f0216c074bd02b25cf0d3af60ea4d6931d",
                "sha256:1090c60116b3da3bfdd0c03406e2f14a1ff53e5771aebe33fec1edc0a350175d",
                "sha256:144964649eba4c5e4410bb0ee290d338e78f179cdbfd15813de1a664e7649b3b",
                "sha256:15398c000c094b8855d7d74f4fdc9e73aa02d4d0d5c775acdef98cdb1119768d",
                "sha256:1909f52a00c8c3dcab6c4fad5d13de2285a4b3c7be063b239b8dc15ddfb73bd2",
                "sha256:21328fcc9d5b80768bf051faa35ab98fb979080c18e6f84ab3f27ce703bce465",
                "sha256:224b7b0314f919e751f2bca17d15aad00ddbb1eadf1cb0190fa8175edb7ede62",
                "sha256:25e6a61dcb184453bb00eafa733169ab6d903e46f5c2ace4ad275386f9ab327a",
                "sha256:27f926f0dcb058211a3bb3e0e501c69759613b17a553788b2caeb991bed3b61d",
                "sha256:29caad142a2355ce7cfea48725aa8bcf0067e2b5cc63fcf5cd9f97ad12d6afb5",
                "sha256:2ad9913fd858274db8dd867012ebe544ef18d218f6f7d1e3c3e6d98000f14b75",
                "sha256:31d06db13a30303c08d61d5fb32154be51dfcbdb8438d2374ae27b4e069aac40",
                "sha256:3e0350b51e88658d5ad126c6a57502b19d5f559f6cb0a628e3dc90442b53dd98",
                "sha256:3f6771d1647b1fc543d37640b45c06b34832a943c80d1db214a37c31161a93f1",
                "sha256:4893395d5dd2ba655c38ceb13014fd65667740f09fa5bb01caa1e6284e48c0cd",
                "sha256:52e446f9955195440e787596dccd1411f543743c359eeb26e9b2c02b077b0519",
                "sha256:550f1c6588ecc368c9ce13c44a49b8d6b6f3ca7588873c679bd8fd88a1b557b6",
                "sha256:72cd1790b48c16db85d51fbbd12d20949d7339ad84fd971427cf00d990c1f137",
                "sha256:7bd449c306ba006c65799ea7912adbbfed071089461a19091a228998b82b1fdb",
                "sha256:7dc5016e0133c1a1ec212fc87a4f7e7e562054549a99c73c8896fa3a9e80cbc7",
                "sha256:802176a9f99bd8cc276dcd3b8512808716492f6f557c11196d42e26c01a69a4c",
                "sha256:80ecf2451596f19fd607bb09953f426588fc1e79e93f5968ecf3367550396b22",
                "sha256:8b49f1a3d1ee4cdaf5b32d2e738362c7f5e40ac8b46dd7d1a65e82a4872728fe",
                "sha256:8e7da17f53e25d1a3bde5da4601e026adc9e8071f9f6f936d0fe3fe84ace6d54",
                "sha256:a102424e28c6b47c67923a1f337ede4a4c2bba3965b01cf707978a801fc7442c",
                "sha256:a19a6cc9c6ce4b1e7e3d319a473cf0ee989cbbe2b39201d7c19e214d2dfb80c7",
                "sha256:a71a5b541078d0ebe373a81a3b7e71432c61d12e660f1d67896ca62d9628045b",
                "sha256:baf95683cde5bc7d0e12d8e7588a3eb754d7c4fa714548adcd96bdf90169f021",
                "sha256:cab15ff4832580aa440dc9790b8a6128abd0b88b7ee4dd56abacbc52f212209d",
                "sha256:ce290e62229964715f1011c3dbeab7a4a1e4971fd6f31324c4519464473ef9f2",
                "sha256:d3a8ffec2a50d8ec470143ea3d15c0c52d73df882eef92de7537e8ce13475e8a",
                "sha256:e204937f67b28d2dca73ca936d3039a144a081fc47a07598d44854ea2a106239",
                "sha256:eb23f58a446a7f09db85eda09521a498e109f137b85fb278edb2e34841055398",
                "sha256:f6dd02ec01f4468da0f234da9d9c8545c5412fef80bc590cc51d8dd084138a89"
            ],
            "markers": "python_version >= '3.8'",
            "version": "==7.2"
        }
    },
    "develop": {}
}
