{
    "_meta": {
        "hash": {
            "sha256": "a9bb483451a0abc3c95ec87c9a15d54969ee5001cb52842e75164c95cfd702cc"
        },
        "pipfile-spec": 6,
        "requires": {
            "python_version": "3.12"
        },
        "sources": [
            {
                "name": "pypi",
                "url": "https://pypi.org/simple",
                "verify_ssl": true
            }
        ]
    },
    "default": {
        "deprecated": {
            "hashes": [
                "sha256:422b6f6d859da6f2ef57857761bfb392480502a64c3028ca9bbe86085d72115d",
                "sha256:bd5011788200372a32418f888e326a09ff80d0214bd961147cfed01b5c018eec"
            ],
            "markers": "python_version >= '2.7' and python_version not in '3.0, 3.1, 3.2, 3.3'",
            "version": "==1.2.18"
        },
        "lxml": {
            "hashes": [
                "sha256:05a82eb6e1530a64f26225b55cbd178113bd0b5af1c2b625f25e5296742c26d2",
                "sha256:07a4a68e286ee7a1ed7dfb8af83e615757c0ccfe9f18c6b4ea6771388d9ba8c9",
                "sha256:09dd5b7075dc2f7709654a46543ba1ea3c2e217b2ed8fbd413a8a945a0f40f60",
                "sha256:0b7e8a14c8634bf6f7a568634cb395305a6d964aeb5b7ee32248094bed3a7e2c",
                "sha256:104c09bda8d2a562824c0e319d0768ce26a779b7601e0931d33b09b53c392ef7",
                "sha256:126c93f7f56f0eda92f6d8c619edc463a4f23d9252f1c9d0405a76f25fa9f11a",
                "sha256:162af1091cd785f2f27e62d3547ae9bc58ec5c86dd314d67021fd02463708d83",
                "sha256:17e0e18d4ad8adbd0399291bc44845b69d9dd68439a3cdebdf35ff902ec05072",
                "sha256:18b73c339ae29b90fd2d06e58ebd555a751bde9cd6bbd36cc0281b9a2c94e9d8",
                "sha256:19607c6bbff2a44cf3fe8250abccd20942d3462473e0a721d01d379ed017e462",
                "sha256:19b7ab10b210b0b3ad7985d9ac4eb66ab09a90b20fe6e2f7ba55d01a234345d0",
                "sha256:1d4962d4c66bf830a7e59ed6cfc17d148149898a3aefa8ec6e59763e6e3ed085",
                "sha256:1db753c9115ec7100d073b744d17e25e88a8f90f5c39b2f5dd878149af59671f",
                "sha256:1dde6131244bba38a17c745836ba190bc753fd73c9291666287fd0a3fa3dcf30",
                "sha256:25c6997a9a534e016695a0ba06b2f07945de682731ff01065b6d5a4474179da1",
                "sha256:26e6eda8d38c1fcab1090dd196ee87cbd13788e531937610e2589085de074e77",
                "sha256:27acc820660aaffa4f7c087f29120e12980f7779d56d8492d263170111284740",
                "sha256:2a0217714657e023ef4293500f65aa20fce6164c8fd6b08fa5bd4a859fb14b9b",
                "sha256:2c8daa471358dc2d6fcf02165e80ec68f77871a286df95bc5cc3816153b0fd2c",
                "sha256:30a89d3ac8faec007453fb541f3f46807eeec88edd5826f6e3fe001752a2c621",
                "sha256:31033dc34636ea6b7d5cc11b1ddbda78a14de858ba9d3e1ed4b69a3085bc521e",
                "sha256:32ab449a5486f6c758e849bb86710d0e45edc24a04e250c01555f8f5653958f8",
                "sha256:3483644525531e1d5762b0c44a8e18b6efba321b6dcf8a8952de10b037618bca",
                "sha256:34c2d737beabfe35baada43941ed519251e9a12e779031496bcd5d539fcfd730",
                "sha256:3779def59032b81e44a5f70096ef6bf2082f8d901937dca354474ba09782e245",
                "sha256:37a58976370f36d9329d118ad0b953c5aeb9119ac9c6a4e258942a225d0573a1",
                "sha256:3893c14c4b6ac5b2d54ba8cf03e99fe5104e592de491f19bd6b82756c09f8004",
                "sha256:3a12689be69a28ddaa0ab99a5a1137da2afd5f8f16df7b5680b66f616d3eda1d",
                "sha256:3ab541146f1f6968c462d6c2ac495148e8cdba2f8347700b2141b6ec5a75bf52",
                "sha256:3abf332af33a74288675d936fe861fd4344da0dd6622193fbc4f2bfbb35536b5",
                "sha256:3fd9728a2735fda14f4e8235830c86b539e9661e849665bf926d3f867943b4bf",
                "sha256:424aa57aca0897eb922aef34395bd1289b3b6f04e6bae20ea123c0c7e333cffc",
                "sha256:441dd227fa0690eb9fc81edabc63cdcefc212bba99b906dcf6e32cc1a9d3e533",
                "sha256:469e3618338bd7ab5beb412d2439825479fcf0dab99e394ca563dbc4eaf6c834",
                "sha256:47402e62c52ff5988c1e8c6c63177f5708bccf48e366dea4e3dcf1e645e04947",
                "sha256:4f0dd2f01f9f8a89f565d000e03abcf0a13d692a346c8d22f628d49af098777a",
                "sha256:53b7d2b7a10b1c35c0a5e21e9224accf60c1bbfba523990732e521b2b73adef2",
                "sha256:53c909b62a0532183542fed00c5a7218258c56292d409bc789886fe1cb04c438",
                "sha256:54a7f95e4de5fb94e2f9f4b9055c6ba33bf3d628fd77a1d647c5923caa2cdcdc",
                "sha256:556e94a63c9b04716f8e4de2abb65775061f846e89331b6c5be79183a24f98ea",
                "sha256:55b03549819867ea141c0202242c4816c82e52ec36e7e648db9d8da5a3dc3ed6",
                "sha256:581d4c8ae690a6609e64862dd6b7c2489635c2d13907fc2b20f2bc200ff1d21e",
                "sha256:58bb955caba94e467d2a96da17660d2d704e0675894cba21ab8a775b8621fd1c",
                "sha256:5b7328b46d49fc9477d91ae8f6d55340347d827b7734ba3ea33faae0efef1383",
                "sha256:5ba186ad207446c65d3bb3d3e0412b032b1d9f595e59861e2354798c5703d955",
                "sha256:5bec7d03d78d853597d6107854c2310ce3f761fd218fe9fe91d5101fcf6c2efe",
                "sha256:5c6bf403fbb3b3e348a561a5f4f0b9961835657981c802a1df03653eef8a9074",
                "sha256:5f6994074ebae6ffb04447268e37dc16edc304f9859cf91acb86e0af6c1b395c",
                "sha256:62aeb7e85b5d60320b9d77eef2e773994e2c0ce10121b277e0a19804e1654a5a",
                "sha256:63876be28efefa04a1df615b46770e82042cce445cfdce55160522f57b231ccb",
                "sha256:639f6c857d91d9be29bd7502348d6736dab168b54b5158cd899abf11684dc186",
                "sha256:640f97d43d867bcb9c75b3af013b64850756b746cb6bce8ace83b70da3abba9d",
                "sha256:649dda677cf3bd6ac9ae14007ba0c824ded8ce5808b53fc7431d9140399118c1",
                "sha256:6540377fbd53fe1b629172288c464fb18db11ce1fa7dc15891da10aa9dcc3e7f",
                "sha256:6689e828a94eee4f139408c337bb198e014724bb8a8c26d3cfac49d119ed69a6",
                "sha256:68a9198d0fc122d14bb76837de9aa80cf84caed990b5b237f532ed87d3706736",
                "sha256:6b1761fbf9ec984e2e9d9c589ef5f5fd684b7c19f92aadd567a26c5224958db6",
                "sha256:70cdfd80589d59e43e18005dd7244e8895e93db8ab6a620b7e23df5445a4e3d2",
                "sha256:70ef8a7e102a1508f8121aae5b0867abd663f72c14f0a9c937e6554cb4587b7b",
                "sha256:73bc2086f141224ebddb7fc5c6a36ca58b31b94b561e1dfe8e073e3270fad1e7",
                "sha256:74a9717fd0d82effef5c2854f0d917231d5324b5a3eb7275c43ac9fa32f97a14",
                "sha256:752d3bbfe874715ccd0aec7f88d7fc623c0f1fd7aa7b3238a084e017bad2a009",
                "sha256:762ff394d5bd56da0cf034a23dcce4e13923f15321a2adfa2ac00201dc6d3fca",
                "sha256:76447f65250ed2501ead1a1552f5ce8edff159a86f308348e6a9c4acb5e1f1b4",
                "sha256:766b010012d59470072c1816b5b6c69f1d243e5db36ea5968e94accf430a4635",
                "sha256:787b2496d0dbe8cd180984e8d29e3a6f76e7ea34db781cb3bd55e4ba1ef8b4ee",
                "sha256:793033d6c5cdf33a573f910d9bea14ef8f5771820411d118da8e1182edb53d5e",
                "sha256:7d47866cb32fb503450b6edc9df355d10dc49836af2e89901bd6ac6b0896d9d9",
                "sha256:7f7a92e8583f06b1fd49d01158143b8461cfcd135dcb10ec807270a3051bd603",
                "sha256:80c2dfadb855da477cf73373ad29a333535dedb9b12bad02c9814c8e2b43bf08",
                "sha256:83b6b30eb131da7a75b601f28c5d6971e6ed3e887919bf6b6a1ad3c2df289080",
                "sha256:86281fbdd6a8162756f8d603f37e3435bfa38043adb79c6dc6a2dfee065e7525",
                "sha256:86c89b9d55ebf820ad7c90bc533410f0d098054f293351f10603c0c46ff598f5",
                "sha256:876e1ff5930ed8bf295ec5ef9a8155e9b6b1876bbf1deed8b3a8069311875a8f",
                "sha256:88136950da4d13c318bde414ce10219931937851327f44328f2df4d2c4614067",
                "sha256:88d8cb75b9d82858497a5393e3c63cfbf03035225e4b35a49ed7ccb151e4dc0e",
                "sha256:8be8ad51249698103d24b0571df35a10990fbe93dd043b6c024172189485f5e3",
                "sha256:8d43ca737b20e106e4aebc42b2f3ae19f00ba63d7eb731698ee083d72d15646f",
                "sha256:8dadbe5b217ff35b6a8d16610dd710219b59b76d13f0e3f0d9f36786206e4485",
                "sha256:9395002973c827b3ed67db77e6ec09f092919a587022174554096a269378fb13",
                "sha256:96f2ec43df44b1f76249ee0a615334f9b5b060e1c8bd90e706dad2d14d02f383",
                "sha256:98fc784c2c1440667aeedf8465bdfe10208acf0ead656a2c68627299f546b315",
                "sha256:9e36f163528fc50cbef305f02a5fd66d404edf7049cdaff211dbc2cba5a7013e",
                "sha256:9eb9b5a968f6e0f6d640092a567e14529ff8cea2e29d00da6f78a79fa49f013c",
                "sha256:9f76acfb5f68ba982635a53fd985a8044be98a35b43232c2a1ee235ffab3e1dd",
                "sha256:a088f287f7d8275a33c07f2cac6c50b9319309a0200a39e7e75d80c707723099",
                "sha256:a10bd2fd62e8ce916ececb342f348f190724a098c1faa056fdfb2a22ad5e8660",
                "sha256:a4bbea04c97f6d78a48e3fbc1cb9116d2780b1b39e03a23f6eb9b603fd61f510",
                "sha256:aa366a1e55b8ebfe8ca8ddc3cfe75c8ebade181aeb0f661d0cb05986b647f72a",
                "sha256:aa49e06d94aba782c6a02eecb7e507969e7e7a41b267f1b359bb35585f295d5b",
                "sha256:aad9aa39483ed8ec44d6d2e59e5b98a0d80676ef0d92f44bfc374836111f62f5",
                "sha256:aae97dfdb60715c164419ac2532a76d013c3918a665eb6cb7288098b5f349aaf",
                "sha256:abbefa31eee84842140f67acef1c828e28bba8bbf0c3bc6e5492a9af88152c28",
                "sha256:ac931cdc9442c1763b8a8f6cd62c0c938737eafc5be75eff88df55fc73bc0d00",
                "sha256:acd7d70b64c0aae0c7922cca83d288a16f5f6da523637697872253415269baef",
                "sha256:add8cf6ddf9a65116119a28ece0f7886e30af27ba724a7594305f1d1b58a92a1",
                "sha256:aee395f5d0927f947758b4ec119fd5fc8ec71f07a1c5c52077b30b04c0fa6955",
                "sha256:b1b963fd8f5caa68e99dfae060d54de1fe9cba899b8718b44a00cdca53c3e590",
                "sha256:b2d444f2e66624d68e9c6b211e28a76e22fff5fcabcfff4deac18b529b7d4137",
                "sha256:b8d812c6011c08b8111a15e54dd990b8923692d80adf35488bee34026c35accf",
                "sha256:ba96ae44888e0185281e937633a743ea90d5a196c6000f82565ebb0580012d40",
                "sha256:bdebcc8a75d38c7598dfb2c9ed852d7a9eb4a10d6e2d0764b919b802bf32ac88",
                "sha256:c07da4cebf6889f03ebac8d238f62318e29f495de0aa18a51ea14e61ae907e2e",
                "sha256:c08e5c694306507275f2290073350c4f32e383db15213b2c69e7ff39c1193840",
                "sha256:c4f469aebd783bb741c2ecb2a681008fd26bfe5c16a9a72ed5467f834e810df2",
                "sha256:c5d7152ec39ca7c402d8fb9bad86140a15b9503bd0c54484e3f1bbe3dd37ceca",
                "sha256:c674693f055fa2495de12292cb45e9944199d8eaef5a2dec45175c7c61cb73e3",
                "sha256:c6ed5141a5c7507cf3ee76bd363b0d6f801e3321adc35b5d825a23115faa5465",
                "sha256:c921ba5c51e4e9f63b8b00267d06566e1f63407408a0496da2d1d0bfc819c7fc",
                "sha256:c9a4b821dc7055bf9e05ff5719e18ec501f75c0f0bbfabd573b277559780833d",
                "sha256:c9f79d5325907f13e1be0b3e4dacc1049d1dffc4aeee3c995284bea5fe0fab7d",
                "sha256:cd312b9692e831d2ffcad61eab31d91d4b4655a962e61de8fb410472cbcd37aa",
                "sha256:cea3f4c1af79af13cdb2da0c028111d8f8522d4f22a000c82385535f24e5cf3a",
                "sha256:cecdd5dfdc87b1fd87dbf81d4b037a544f47f4c744200a67013771682d67686a",
                "sha256:cf9d57306d848218f3601fee7601fab1a327c942d56e2e97610583cb4dd74206",
                "sha256:d34bbf07dbc7ca5970671b1512e928991fb5e9d95365636c9b2d8b4f53af405e",
                "sha256:d49514be2f28d895c38cf9d2b72d7b9a07d00314519f456c0b50b53cfcf4c785",
                "sha256:d680fbcb768404c601ecb43519ecd8461f6954cb11c06a78962f666832ccfca8",
                "sha256:db1d75f6617a49c1c01bc7023713e0ff59ab32c9579ae62a7674c0e34f3b0b0a",
                "sha256:dcb292aa7fe485ceff7af4f92e46c5af397daec5dff64871a528f0fc47a3cc5b",
                "sha256:e07c65f443c887bbcf31cc1771d932ecc192a5273943589b3c7572b749f1ffb2",
                "sha256:e902da4b04e6b52e5893900d4b8ab46068f75f3561f01bf1080957f9fd932ed6",
                "sha256:e9308ff8241c532df3f3e570f9a5aeed6c853f888512ba4b75638d7c11c95ef6",
                "sha256:eb7c9811bfaa8b1ed5ed319f5d370dfbcaa59d52ea64be2a5a85e18195930354",
                "sha256:ebe6af670449830d6d9b752c256a983291c766a1365ba5d5460048f9e33a7818",
                "sha256:ed21202aec73cda4d55d1ce57b389aadb90ffb044e6cd1080b8347efe1b1ec84",
                "sha256:efe0374196335f93b53269acd811b944f2e6bdc88e8894f214bd636455484909",
                "sha256:f64ec5397ea6a41fc1b4af0380d79b44a755b5531dcaccd9940fb260dca93038",
                "sha256:f6ac4ef4d82dff54670227a69c67782ae0b811b5cf6b17954f1e8f7502fc0d1d",
                "sha256:f6f0ce10945fab9c4c06ce14e22af9059d1a87493a9af4501a5b0b9187e21cf2",
                "sha256:f8844cd288697c6425c9beba919302241e3278871dc6519515e72b04e987abcf",
                "sha256:fe0306bd29505a9177aac19f1877174b0e7422c222a59f70b2cd41633448c3dc",
                "sha256:ff3f333630ab480244a1bff72043e511a91eb22e7595dead8653ee5612dd8f3d",
                "sha256:ffecec8eb889b58ba9be5b95fb1cc78e22ea8eedea38e8736a1568fe1979250e"
            ],
            "markers": "python_version >= '3.8'",
            "version": "==6.1.1"
        },
        "packaging": {
            "hashes": [
                "sha256:5fc45236b9446107ff2415ce77c807cee2862cb6fac22b8a73826d0693b0980e",
                "sha256:ff452ff5a3e828ce110190feff1178bb1f2ea2281fa2075aadb987c2fb221661"
            ],
            "index": "pypi",
            "markers": "python_version >= '3.8'",
            "version": "==26.2"
        },
        "pikepdf": {
            "hashes": [
                "sha256:01570abfc8c1891f34514e12ebee0606b580bc57e39c8fe3f023842fbe8ca5e0",
                "sha256:0d06d6052604c9c7a55fc4210abb5e262cb289c6c083e7b8e79e03699f1af3a2",
                "sha256:1856a1da03d0121f99ab9a228c1697acd965341addd44ce2aceca36f6598e964",
                "sha256:19c14b76a240f3cd067abc77b62843268d56dce45b7787ea70fd8cceb11cc5dc",
                "sha256:2131bb45953de837a52c061b7a8b88a4f360774bf2ad4edd51ea5bbfe66672a7",
                "sha256:2333431f739205de480e547fab5dcc512668ea4af8f3f02f0d620730413d3772",
                "sha256:3056dbbac60d97529560d3baecd9450c03683f4d9e72e5fb4a0c5aa50f01f3cc",
                "sha256:33adc935f6e0a195e1c1aa1e0c47047d6a29835d5643d07dac9c98996a619e05",
                "sha256:3670a7eb6e1263750a50cbf01b947f0a5fefd1a43a1a7aa09e2752cc54c7f80d",
                "sha256:3867848e8dcca701be50464ead7e06a43a8c064ac48fb6d26faee79336e86f95",
                "sha256:395a7a45bec7d457d9d5d7fe6e130aa144647e977a30bc88a2558197e9440271",
                "sha256:425a76bb45ee713dbbee5b524f179f6797fd768f26d1bcf6049cc7181d479ec5",
                "sha256:4800e1207a1a9a9668bdccdb0296c52cdd07d3c1443c12f64a7fc13ea414bbfb",
                "sha256:4851b2b5c80916c0b57b9928b7fd9d1565f68c5e9c75a6304876cbd103812eed",
                "sha256:4a82c1299bd66df6e106ed3e90749b7bdede075f5773ac88ef6a5b240e57ce21",
                "sha256:4dd93d81e77e67937d76592ae3438ad80b2b6c9619846fbc400dd9d3e71cc689",
                "sha256:5b4460b6c610d89a1e3f52d2f48b811216b02cd18aee5c853e2cf2e8551b1ecd",
                "sha256:616adec2b1e3e2cf0640c8dc0f479ed9a07db298e32166ee7b60fb8b33dc98af",
                "sha256:66567891906906e8733f1ef19cd133f46f34349cb415c858ee64db807d82413c",
                "sha256:6ab09282067a6e95cf0b997df020c38bb0474ed2af99edaa472ab90ef1f18929",
                "sha256:7c2ba4bafdfbfcc417a38f817e317be905e749893104c5bfa02eb29010c3c8d5",
                "sha256:81c938b33db9f32b7f419f06dbb97eca3e2629c57c0b18a7b719d81563c48d3f",
                "sha256:84481f8768a9bcbd0bd490fa1b9d737bd50ef6e4c1651115b2df133c90ca229e",
                "sha256:8a1d830217af7a179984f156bc6d2dee3b2f6662286f993554e53b4f73452932",
                "sha256:9428d0eef71b7419dfa4aea091039a442a5830af8aa8cf3a0f5ae7c698bb3fa9",
                "sha256:99000cc686792aa4f8d11ef888d35814c6451562e846bd338ebcf2e339028500",
                "sha256:9f134806b2fe608ccb21379a664ddcefeac3f6944100d343b350299d3c69754e",
                "sha256:a094ce9636652f5aff8d62c004383f13cdb4312d2d854b6096bb6e15e3c0a269",
                "sha256:a2e4f6f3353ddf6c99fd761de7329079ce17d7c37635cb0c4c9f4f5d13c2657d",
                "sha256:c3e725ffe276b5ab86734b2a5f7025f3e1cb3b1d26063a39adc7490834846449",
                "sha256:c7f5651953a18cb4c9c2266e5a11d0ac107ae969b8a53cad90ead707cf0a84ba",
                "sha256:cc7812a9ac54442fed4cd370e61d9fc294fa05577d14c13087c310eb8cafa1c0",
                "sha256:ccfa2288bbc206bfe7197f8614ee20de902e511ff968da86bebf814280124156",
                "sha256:ce246d90519d9672d3fd6ca008139865f0b9243806bb4b11c2d09f9955d00394",
                "sha256:d1a781fca5ad09b6ee964e2971819f82f21218636b3a5bb62fb6c89816f2b88a",
                "sha256:d29487188c9f4aa9dd6decd403f76b4cb23e886c701dcd4cac508c257dbeac0b",
                "sha256:e19fdc44c2e71cb5a150b270f0602aecabcd2432e6f9eef6f24742ff4d498b20",
                "sha256:e2eb3faee72fc74352e481fa174b4f0c7c2ed8516aed5bf73f9dfb7a57c3212f",
                "sha256:e4845031acf29026a597a207c6a07b471577e8db3b30bac172ab4ac6b4ee4be7",
                "sha256:ebfc8e36608c01271fdeec6c08e1c87148ac9c275766876e9ac1b2c91879a0db",
                "sha256:f007a15fd80c4f55de535977cf19ad08111f0063356e8eb5c78ae878334f4955",
                "sha256:f3112dccc0948ae04c3b83efd56eeadad8d29bca68df6bd1275f2925ae7fee24",
                "sha256:feccd53d5620c908fbb79399b2daee9103dee27d744bc80946daca22500be90f"
            ],
            "index": "pypi",
            "markers": "python_version >= '3.10'",
            "version": "==10.10.0"
        },
        "pillow": {
            "hashes": [
                "sha256:00808c5e14ef63ac5161091d242999076604ff74b883423a11e5d7bbb38bf756",
                "sha256:04f01d28a6aaff387bf842a13be313df23ba0597a44f1a976c9feb3c6ff4711a",
                "sha256:06ff022112bc9cbf83b60f8e028d94ad87b60621706487e65f673de61610ab59",
                "sha256:0740a512dc522224c77d9aa5a8d70d8b7d73fb91f2c21125d8d025d3b8990e45",
                "sha256:0847a763afefb695bc912d7c131e7e0632d4edc1d8698f58ddabec8e46b8b6d3",
                "sha256:0dd2064cbc55aaec028ef5fbb60fa47bb6c3e7918e07ff17935284b227a9d2df",
                "sha256:0feb2e9d6ad6c9e3c06effe9d00f3f1e618a6643273576b016f591e9315a7139",
                "sha256:10e41f0fbf1eec8cfd234b8fe17a4caac7c9d0db4c204d3c173a8f9f6ef3232b",
                "sha256:1182d52bc2d5e5d7d0949503aa7e36d12f42205dc287e4883f407b1988820d39",
                "sha256:164b31cd1a0490ab6efae01aa5df49da7061be0af1b30e035b6e9a1bfe34ee6e",
                "sha256:1657923d2d45afb66526e5b933e5b3052e6bdea196c90d3abb2424e18c77dae8",
                "sha256:186941b6aef820ad110fb01fb06eb925374dc3a21b17e37ec9a53b250c6fe2d1",
                "sha256:1cca606cd25738df4ed873d5ad46bbdb3d83b5cbca291f6b4ff13a4df6b0bbe8",
                "sha256:21900ce7ba264168cd50defae43cd75d25c833ad4ad6e73ffc5596d12e25ac89",
                "sha256:236ff70b9312fb68943c703aa842ca6a758abfa45ac187a5e7c1452e96ef72b5",
                "sha256:23aceaa007d6172b02c277f0cd359c79492bbb14f7072b4ede9fbcaf20648130",
                "sha256:23d27a3e0307ec2244cc51e7287b919aa68d097504ebe19df4e76a98a3eea5bd",
                "sha256:24870b09b224f7ae3c39ed07d10e819d06f8720bc551847b1d623832b5b0e28d",
                "sha256:251bf95b67017e27b13d82f5b326234ca62d70f9cf4c2b9032de2358a3b12c7b",
                "sha256:25b9b82bb22e6e2b3cd07b39c68b7b862001226cb3dff7130d1cb914121b39ed",
                "sha256:28ce87c5ab450a9dd970b52e5aca5fe63ed432d18a2eaddd1979a00a1ba24ace",
                "sha256:300557495eb45ebb8aec96c2da9c4be642fbf7cd937278b4013ba894ea8eb0eb",
                "sha256:30f2aa603c41533cc25c05acd0da21636e84a315768feb631c937177db558931",
                "sha256:331b624368d4f1d069149002f25f44bc61c8919ce8ddb3c45bdad8f6e2d89510",
                "sha256:37d6d0a00072fd2948eb22bce7e1475f34569d90c87c59f7a2ec59541b77f7a6",
                "sha256:37dc8f7bbb66efe481bb60defacef820c950c24713fb44962ed6aa2a50966de1",
                "sha256:3b8182a766685eaa002637e28b4ec8d6b18819a0c71f579bf0dbaa5830297cce",
                "sha256:3edce1d53195db527e0191f84b71d02022de0540bf43a16ed734ed7537b07385",
                "sha256:446c34dcc4324b084a53b705127dc15717b22c5e140ae0a3c38349d4efec071e",
                "sha256:4998562bf62a445225f22e07c896bb04b35b1b1f2eb6d760584c9c51d7a5f78c",
                "sha256:4b0a7fe987b14c31ebda6083f74f22b561fd3739bc0ac51e019622e3d72668c7",
                "sha256:4e8c2a84d977f50b9daed6eeaf3baef67d00d5d74d932288f02cb94518ee3ace",
                "sha256:4f883547d4b7f0495ebe7056b0cc2aea76094e7a4abc8e933540f3271df27d9c",
                "sha256:514435a37670e3e5e08f3945b68718b6ed329bb84367777e16f9f4dfe1e61a0f",
                "sha256:53aa02d20d10c3d814d536aa4e5ac9b84ca0ff5a88377963b085ad6822f93e64",
                "sha256:5594fc43d548a7ed94949d139aa1341b270f1863f11cfd37f5a6c8b778a6b67f",
                "sha256:571b9fcb07b97ef3a492028fb3d2dc0993ca23a06138b0315286566d29ef718a",
                "sha256:57b3d78c95ba9059768b10e28b813002261d3f3dfc55cc48b0c988f625175827",
                "sha256:5afb51d599ea772b8365ae807ae557f18bccfe46ab261fd1c2a9ed700fc6eb17",
                "sha256:6b02afb9b97f65fbca5f31db6a2a3ba21aa93030225f150fa3f249717e938fb4",
                "sha256:6c0016e7b354317c4e9e525b937ac8596c38d2d232b419529b9cd7a1cd46e39a",
                "sha256:71d6097b330eea8fd15097780c8e89cb1a8ce7838669f48c5bacd6f663dd4701",
                "sha256:756c768d0c9c2955feb7a56c37ea24aea2e369f8d36a88da270b6a9f19e62b5e",
                "sha256:78cb2c6865a35ab8ff8b75fd122f6033b92a62c82801110e48ddd6c936a45d91",
                "sha256:7a743ff716f746fc19a9557f60dab1600d4613255f8a7aeb3cdde4db7eb15a66",
                "sha256:85f998ea1848bc6757289e739cfbdda3a04adfd58b02fc018ce54d754a5ce468",
                "sha256:8728f216dcdb6e6d555cf971cb34076139ad74b31fc2c14da4fafc741c5f6217",
                "sha256:877c3f311ff35410f690861c4409e7ccbf0cd2f878e50628a28e5a0bb689e658",
                "sha256:8cd2f7bdda092d99c9fc2fb7391354f306d01443d22785d0cbfafa2e2c8bb418",
                "sha256:8e95e1385e4998ae9694eeaa4730ba5457ff61185b3a55e2e7bea0880aef452a",
                "sha256:962864dc93511324d51ddbb5b9f8731bf71675b93ca612a07441896f4688fb8c",
                "sha256:9cf95fe4d0f84c82d282745d9bb08ad9f926efa00be4697e767b814ce40d4330",
                "sha256:9e881fca225083806662a5c43d627d215f258ff43c890f831966c7d7ba9c7402",
                "sha256:a2b55dd6b2a4c4b7d87ffa56bdb33fdc5fdb9a462173861a7bc097f17d91cb09",
                "sha256:a45650e8ce7fafffd731db8550230db6b0d306d181a90b67d3e6bca2f1990930",
                "sha256:a876864214e136f0eb367788dbd7df045f4806801518e2cfe9e13229cfe06d8f",
                "sha256:ae26d61dfa7a47befdc7572b521024e8745f3d809bd95ca9505a7bba9ef849ec",
                "sha256:af8d94b0db561cf68b88a267c5c44b49e134f525d0dc2cb7ed413a66bc23559a",
                "sha256:b343699e8308bdc51978310e1c959c584e7869cc8c40780058c87da7781a1e94",
                "sha256:b3c777e849237620b022f7f297dd67705f9f5cf1685f09f02e46f93e92725468",
                "sha256:b629de27fda84b42cde7edef0d85f13b958b47f6e9bbcbba9b673c562a89bd8b",
                "sha256:ba09209fbe443b4acccebe845d8a138b89a8f4fbaeedd44953490b5315d5e965",
                "sha256:ba54cfebe86920a559a7c4d6b9050791c20513650a1952ebe3368c7dc70306f8",
                "sha256:bcb46e2f9feff8d06323983bd83ed00c201fdcab3d74973e7072a889b3979fcd",
                "sha256:bcc33feacfaefce60c12fd500a277533bdc02b10a19f7f6d348763d8140bbba7",
                "sha256:bf16ba1b4d0b6b7c8e534936632270cf70eb00dbe09005bc345b2677b726855c",
                "sha256:cf1845d02ad822a369a49f2bb9345b1614744267682e7a03527dc3bf6eea1777",
                "sha256:d69141514cc30b774ceea5e3ed3a6635c8d8a96edf664689b890f4089111fb35",
                "sha256:d9c7f76c0673154f044e9d78c8655fb4213f6ca31a836df48b40fe5d187717b9",
                "sha256:dbce0b29841537a2fa4a214c2bbf14de3587c9680caa9b4e217568472490b28f",
                "sha256:dc624f6bc473dacdf7ef7eb8678d0d08edf15cd94fad6ae5c7d6cc67a4e4902f",
                "sha256:e158cb00350dc278f3b91551101aa7d12415a66ebf2c91d8d5ac14e56ddd3ad0",
                "sha256:e491916b378fba47242221bb9ead245211b70d504f495d105d17b14a24b4907c",
                "sha256:e795b7eb908249c4e43c7c99fac7c2c75dab0c43566e37db472a355f63693d71",
                "sha256:e7e480451b9fa137494bccd3a7d69adbe8ac65a87d97be61e11f1b1050a5bac3",
                "sha256:e91206ee562682b51b98ef4b26a6ef48fd84e15fd4c4bc5ec768eb641d206838",
                "sha256:e9871b1ffbfa9656b60aeee92ed5136a5742696006fa322b29ea3d8da0ecc9cf",
                "sha256:e9aeb04d6aef139de265b29683e119b638208f88cf73cdd1658aa07221165321",
                "sha256:ebaea975e03d3141d9d3a507df75c9b3ec90fa9d2ffd07567b3a978d9d790b26",
                "sha256:f0606c8bf2cdefea14a43530f7657cbbb7ecf1c4222512492ef4a4434a9501ec",
                "sha256:f13c32a3abd6079a66d9526e18dad9b6d280384d49d7c54040cd57b6424041d9",
                "sha256:f7401aebd7f581d7f83a439d87d474999317ee099218e5ad25d125290990ba65",
                "sha256:fa4ecea169a355be7a3ade2c783e2ed12f0e40d2c5621cda8b3297faf7fbb9f5",
                "sha256:fbd139c8447d25dd750ab79ee274cc5e1fe80fc56340ab10b18a195e1b6eca3e",
                "sha256:fdafc9cce40277e0f7a0feabce0ee50dd2fa1800f3b38015e51296b5e814048d",
                "sha256:fe3cca2e4e8a592be0f269a1ca4835c25199d9f3ce815c8491048f785b0a0198",
                "sha256:ffd0c5368496f41b0944be820fcb7a838aa6e623d250b01acf2643939c3f99d7"
            ],
            "markers": "python_version >= '3.10'",
            "version": "==12.3.0"
        },
        "pycryptodome": {
            "hashes": [
                "sha256:0714206d467fc911042d01ea3a1847c847bc10884cf674c82e12915cfe1649f8",
                "sha256:0fa0a05a6a697ccbf2a12cec3d6d2650b50881899b845fac6e87416f8cb7e87d",
                "sha256:0fd54003ec3ce4e0f16c484a10bc5d8b9bd77fa662a12b85779a2d2d85d67ee0",
                "sha256:18caa8cfbc676eaaf28613637a89980ad2fd96e00c564135bf90bc3f0b34dd93",
                "sha256:2480ec2c72438430da9f601ebc12c518c093c13111a5c1644c82cdfc2e50b1e4",
                "sha256:26412b21df30b2861424a6c6d5b1d8ca8107612a4cfa4d0183e71c5d200fb34a",
                "sha256:280b67d20e33bb63171d55b1067f61fbd932e0b1ad976b3a184303a3dad22764",
                "sha256:2cb635b67011bc147c257e61ce864879ffe6d03342dc74b6045059dfbdedafca",
                "sha256:2de4b7263a33947ff440412339cb72b28a5a4c769b5c1ca19e33dd6cd1dcec6e",
                "sha256:3ba4cc304eac4d4d458f508d4955a88ba25026890e8abff9b60404f76a62c55e",
                "sha256:4c26a2f0dc15f81ea3afa3b0c87b87e501f235d332b7f27e2225ecb80c0b1cdd",
                "sha256:590ef0898a4b0a15485b05210b4a1c9de8806d3ad3d47f74ab1dc07c67a6827f",
                "sha256:5dfafca172933506773482b0e18f0cd766fd3920bd03ec85a283df90d8a17bc6",
                "sha256:6cce52e196a5f1d6797ff7946cdff2038d3b5f0aba4a43cb6bf46b575fd1b5bb",
                "sha256:7cb087b8612c8a1a14cf37dd754685be9a8d9869bed2ffaaceb04850a8aeef7e",
                "sha256:7d85c1b613121ed3dbaa5a97369b3b757909531a959d229406a75b912dd51dd1",
                "sha256:7ee86cbde706be13f2dec5a42b52b1c1d1cbb90c8e405c68d0755134735c8dc6",
                "sha256:8898a66425a57bcf15e25fc19c12490b87bd939800f39a03ea2de2aea5e3611a",
                "sha256:8acd7d34af70ee63f9a849f957558e49a98f8f1634f86a59d2be62bb8e93f71c",
                "sha256:932c905b71a56474bff8a9c014030bc3c882cee696b448af920399f730a650c2",
                "sha256:a1752eca64c60852f38bb29e2c86fca30d7672c024128ef5d70cc15868fa10f4",
                "sha256:a3804675283f4764a02db05f5191eb8fec2bb6ca34d466167fc78a5f05bbe6b3",
                "sha256:a4e74c522d630766b03a836c15bff77cb657c5fdf098abf8b1ada2aebc7d0819",
                "sha256:a915597ffccabe902e7090e199a7bf7a381c5506a747d5e9d27ba55197a2c568",
                "sha256:b7aa25fc0baa5b1d95b7633af4f5f1838467f1815442b22487426f94e0d66c53",
                "sha256:cc2269ab4bce40b027b49663d61d816903a4bd90ad88cb99ed561aadb3888dd3",
                "sha256:d5ebe0763c982f069d3877832254f64974139f4f9655058452603ff559c482e8",
                "sha256:dad9bf36eda068e89059d1f07408e397856be9511d7113ea4b586642a429a4fd",
                "sha256:de18954104667f565e2fbb4783b56667f30fb49c4d79b346f52a29cb198d5b6b",
                "sha256:f35e442630bc4bc2e1878482d6f59ea22e280d7121d7adeaedba58c23ab6386b",
                "sha256:f7787e0d469bdae763b876174cf2e6c0f7be79808af26b1da96f1a64bcf47297",
                "sha256:ff99f952db3db2fbe98a0b355175f93ec334ba3d01bbde25ad3a5a33abc02b58"
            ],
            "index": "pypi",
            "markers": "python_version >= '2.7' and python_version not in '3.0, 3.1, 3.2, 3.3, 3.4, 3.5'",
            "version": "==3.21.0"
        },
        "pypdf2": {
            "hashes": [
                "sha256:a74408f69ba6271f71b9352ef4ed03dc53a31aa404d29b5d31f53bfecfee1440",
                "sha256:d16e4205cfee272fbdc0568b68d82be796540b1537508cef59388f839c191928"
            ],
            "index": "pypi",
            "markers": "python_version >= '3.6'",
            "version": "==3.0.1"
        },
        "wrapt": {
            "hashes": [
                "sha256:02b551d101f31694fc785e58e0720ef7d9a10c4e62c1c9358ce6f63f23e30a56",
                "sha256:042ec3bb8f319c147b1301f2393bc19dba6e176b7da446853406d041c36c7828",
                "sha256:0610b46293c59a3adbae3dee552b648b984176f8562ee0dba099a56cfbe4df1f",
                "sha256:0b02e424deef65c9f7326d8c19220a2c9040c51dc165cddb732f16198c168396",
                "sha256:0b1831115c97f0663cb77aa27d381237e73ad4f721391a9bfb2fe8bc25fa6e77",
                "sha256:0ed61b7c2d49cee3c027372df5809a59d60cf1b6c2f81ee980a091f3afed6a2d",
                "sha256:0f5f51a6466667a5a356e6381d362d259125b57f059103dd9fdc8c0cf1d14139",
                "sha256:16ecf15d6af39246fe33e507105d67e4b81d8f8d2c6598ff7e3ca1b8a37213f7",
                "sha256:1f0b2f40cf341ee8cc1a97d51ff50dddb9fcc73241b9143ec74b30fc4f44f6cb",
                "sha256:1f23fa283f51c890eda8e34e4937079114c74b4c81d2b2f1f1d94948f5cc3d7f",
                "sha256:223db574bb38637e8230eb14b185565023ab624474df94d2af18f1cdb625216f",
                "sha256:249f88ed15503f6492a71f01442abddd73856a0032ae860de6d75ca62eed8067",
                "sha256:24c2ed34dc222ed754247a2702b1e1e89fdbaa4016f324b4b8f1a802d4ffe87f",
                "sha256:273a736c4645e63ac582c60a56b0acb529ef07f78e08dc6bfadf6a46b19c0da7",
                "sha256:281262213373b6d5e4bb4353bc36d1ba4084e6d6b5d242863721ef2bf2c2930b",
                "sha256:30ce38e66630599e1193798285706903110d4f057aab3168a34b7fdc85569afc",
                "sha256:33486899acd2d7d3066156b03465b949da3fd41a5da6e394ec49d271baefcf05",
                "sha256:343e44b2a8e60e06a7e0d29c1671a0d9951f59174f3709962b5143f60a2a98bd",
                "sha256:373342dd05b1d07d752cecbec0c41817231f29f3a89aa8b8843f7b95992ed0c7",
                "sha256:3af60380ba0b7b5aeb329bc4e402acd25bd877e98b3727b0135cb5c2efdaefe9",
                "sha256:3e62d15d3cfa26e3d0788094de7b64efa75f3a53875cdbccdf78547aed547a81",
                "sha256:41b1d2bc74c2cac6f9074df52b2efbef2b30bdfe5f40cb78f8ca22963bc62977",
                "sha256:423ed5420ad5f5529db9ce89eac09c8a2f97da18eb1c870237e84c5a5c2d60aa",
                "sha256:46acc57b331e0b3bcb3e1ca3b421d65637915cfcd65eb783cb2f78a511193f9b",
                "sha256:4da9f45279fff3543c371d5ababc57a0384f70be244de7759c85a7f989cb4ebe",
                "sha256:507553480670cab08a800b9463bdb881b2edeed77dc677b0a5915e6106e91a58",
                "sha256:53e5e39ff71b3fc484df8a522c933ea2b7cdd0d5d15ae82e5b23fde87d44cbd8",
                "sha256:54a30837587c6ee3cd1a4d1c2ec5d24e77984d44e2f34547e2323ddb4e22eb77",
                "sha256:5531d911795e3f935a9c23eb1c8c03c211661a5060aab167065896bbf62a5f85",
                "sha256:55cbbc356c2842f39bcc553cf695932e8b30e30e797f961860afb308e6b1bb7c",
                "sha256:59923aa12d0157f6b82d686c3fd8e1166fa8cdfb3e17b42ce3b6147ff81528df",
                "sha256:5a03a38adec8066d5a37bea22f2ba6bbf39fcdefbe2d91419ab864c3fb515454",
                "sha256:5a7b3c1ee8265eb4c8f1b7d29943f195c00673f5ab60c192eba2d4a7eae5f46a",
                "sha256:5d4478d72eb61c36e5b446e375bbc49ed002430d17cdec3cecb36993398e1a9e",
                "sha256:5ea5eb3c0c071862997d6f3e02af1d055f381b1d25b286b9d6644b79db77657c",
                "sha256:604d076c55e2fdd4c1c03d06dc1a31b95130010517b5019db15365ec4a405fc6",
                "sha256:656873859b3b50eeebe6db8b1455e99d90c26ab058db8e427046dbc35c3140a5",
                "sha256:65d1d00fbfb3ea5f20add88bbc0f815150dbbde3b026e6c24759466c8b5a9ef9",
                "sha256:6b538e31eca1a7ea4605e44f81a48aa24c4632a277431a6ed3f328835901f4fd",
                "sha256:6fd1ad24dc235e4ab88cda009e19bf347aabb975e44fd5c2fb22a3f6e4141277",
                "sha256:70d86fa5197b8947a2fa70260b48e400bf2ccacdcab97bb7de47e3d1e6312225",
                "sha256:7171ae35d2c33d326ac19dd8facb1e82e5fd04ef8c6c0e394d7af55a55051c22",
                "sha256:73d496de46cd2cdbdbcce4ae4bcdb4afb6a11234a1df9c085249d55166b95116",
                "sha256:7425ac3c54430f5fc5e7b6f41d41e704db073309acfc09305816bc6a0b26bb16",
                "sha256:74afa28374a3c3a11b3b5e5fca0ae03bef8450d6aa3ab3a1e2c30e3a75d023dc",
                "sha256:758895b01d546812d1f42204bd443b8c433c44d090248bf22689df673ccafe00",
                "sha256:79573c24a46ce11aab457b472efd8d125e5a51da2d1d24387666cd85f54c05b2",
                "sha256:7e18f01b0c3e4a07fe6dfdb00e29049ba17eadbc5e7609a2a3a4af83ab7d710a",
                "sha256:88547535b787a6c9ce4086917b6e1d291aa8ed914fdd3a838b3539dc95c12804",
                "sha256:88bbae4d40d5a46142e70d58bf664a89b6b4befaea7b2ecc14e03cedb8e06c04",
                "sha256:8cccf4f81371f257440c88faed6b74f1053eef90807b77e31ca057b2db74edb1",
                "sha256:9baa544e6acc91130e926e8c802a17f3b16fbea0fd441b5a60f5cf2cc5c3deba",
                "sha256:a36692b8491d30a8c75f1dfee65bef119d6f39ea84ee04d9f9311f83c5ad9390",
                "sha256:a47681378a0439215912ef542c45a783484d4dd82bac412b71e59cf9c0e1cea0",
                "sha256:a7c06742645f914f26c7f1fa47b8bc4c91d222f76ee20116c43d5ef0912bba2d",
                "sha256:a9a2203361a6e6404f80b99234fe7fb37d1fc73487b5a78dc1aa5b97201e0f22",
                "sha256:ab232e7fdb44cdfbf55fc3afa31bcdb0d8980b9b95c38b6405df2acb672af0e0",
                "sha256:ad85e269fe54d506b240d2d7b9f5f2057c2aa9a2ea5b32c66f8902f768117ed2",
                "sha256:af338aa93554be859173c39c85243970dc6a289fa907402289eeae7543e1ae18",
                "sha256:afd964fd43b10c12213574db492cb8f73b2f0826c8df07a68288f8f19af2ebe6",
                "sha256:b32888aad8b6e68f83a8fdccbf3165f5469702a7544472bdf41f582970ed3311",
                "sha256:c31eebe420a9a5d2887b13000b043ff6ca27c452a9a22fa71f35f118e8d4bf89",
                "sha256:caea3e9c79d5f0d2c6d9ab96111601797ea5da8e6d0723f77eabb0d4068d2b2f",
                "sha256:cf30f6e3c077c8e6a9a7809c94551203c8843e74ba0c960f4a98cd80d4665d39",
                "sha256:d40770d7c0fd5cbed9d84b2c3f2e156431a12c9a37dc6284060fb4bec0b7ffd4",
                "sha256:d8a210b158a34164de8bb68b0e7780041a903d7b00c87e906fb69928bf7890d5",
                "sha256:dc4a8d2b25efb6681ecacad42fca8859f88092d8732b170de6a5dddd80a1c8fa",
                "sha256:df7d30371a2accfe4013e90445f6388c570f103d61019b6b7c57e0265250072a",
                "sha256:e01375f275f010fcbf7f643b4279896d04e571889b8a5b3f848423d91bf07050",
                "sha256:e1a4120ae5705f673727d3253de3ed0e016f7cd78dc463db1b31e2463e1f3cf6",
                "sha256:e228514a06843cae89621384cfe3a80418f3c04aadf8a3b14e46a7be704e4235",
                "sha256:e405adefb53a435f01efa7ccdec012c016b5a1d3f35459990afc39b6be4d5056",
                "sha256:e6b13af258d6a9ad602d57d889f83b9d5543acd471eee12eb51f5b01f8eb1bc2",
                "sha256:e6f40a8aa5a92f150bdb3e1c44b7e98fb7113955b2e5394122fa5532fec4b418",
                "sha256:e71d5c6ebac14875668a1e90baf2ea0ef5b7ac7918355850c0908ae82bcb297c",
                "sha256:ed7c635ae45cfbc1a7371f708727bf74690daedc49b4dba310590ca0bd28aa8a",
                "sha256:f38e60678850c42461d4202739f9bf1e3a737c7ad283638251e79cc49effb6b6",
                "sha256:f66eb08feaa410fe4eebd17f2a2c8e2e46d3476e9f8c783daa8e09e0faa666d0",
                "sha256:f9b2601381be482f70e5d1051a5965c25fb3625455a2bf520b5a077b22afb775",
                "sha256:fbd3c8319de8e1dc79d346929cd71d523622da527cca14e0c1d257e31c2b8b10",
                "sha256:fd341868a4b6714a5962c1af0bd44f7c404ef78720c7de4892901e540417111c"
            ],
            "markers": "python_version >= '3.8'",
            "version": "==1.17.3"
        }
    },
    "develop": {}
}
