{
    "_meta": {
        "hash": {
            "sha256": "f9cf9a81220ccfcf2351e8ef96f713d47255083cd9a43a5f7342855559b11e73"
        },
        "pipfile-spec": 6,
        "requires": {
            "python_version": "3.12"
        },
        "sources": [
            {
                "name": "pypi",
                "url": "https://pypi.org/simple",
                "verify_ssl": true
            }
        ]
    },
    "default": {
        "beautifulsoup4": {
            "hashes": [
                "sha256:288e3ca7d54b06f2ac191970bc275c1939cb46d450b255bf6718b04aa37ab4f7",
                "sha256:d6f88de62e1d4e38ecb1077eb9724cd0eff29d2a08ca16a401e9b9e93f117cf9"
            ],
            "index": "pypi",
            "markers": "python_full_version >= '3.7.0'",
            "version": "==4.15.0"
        },
        "click": {
            "hashes": [
                "sha256:12ff4785d337a1bb490bb7e9c2b1ee5da3112e94a8622f26a6c77f5d2fc6842a",
                "sha256:981153a64e25f12d547d3426c367a4857371575ee7ad18df2a6183ab0545b2a6"
            ],
            "markers": "python_version >= '3.10'",
            "version": "==8.3.1"
        },
        "dill": {
            "hashes": [
                "sha256:1e1ce33e978ae97fcfcff5638477032b801c46c7c65cf717f95fbc2248f79a9d",
                "sha256:423092df4182177d4d8ba8290c8a5b640c66ab35ec7da59ccfa00f6fa3eea5fa"
            ],
            "index": "pypi",
            "markers": "python_version >= '3.9'",
            "version": "==0.4.1"
        },
        "joblib": {
            "hashes": [
                "sha256:5fc3c5039fc5ca8c0276333a188bbd59d6b7ab37fe6632daa76bc7f9ec18e713",
                "sha256:8561a3269e6801106863fd0d6d84bb737be9e7631e33aaed3fb9ce5953688da3"
            ],
            "markers": "python_version >= '3.9'",
            "version": "==1.5.3"
        },
        "narwhals": {
            "hashes": [
                "sha256:1421797ede01789cc1537619dbc3f36f840737240f748fdb24a60a0225fc80be",
                "sha256:6486282bb7e4b4ab55963efbd8be1451b764cc4874b74d1fd625eba9dc60b86f"
            ],
            "markers": "python_version >= '3.10'",
            "version": "==2.22.0"
        },
        "networkx": {
            "hashes": [
                "sha256:26b7c357accc0c8cde558ad486283728b65b6a95d85ee1cd66bafab4c8168509",
                "sha256:d47fbf302e7d9cbbb9e2555a0d267983d2aa476bac30e90dfbe5669bd57f3762"
            ],
            "index": "pypi",
            "markers": "python_version >= '3.11' and python_full_version != '3.14.1'",
            "version": "==3.6.1"
        },
        "nltk": {
            "hashes": [
                "sha256:ed03bc098a40481310320808b2db712d95d13ca65b27372f8a403949c8b523d0",
                "sha256:f2fa301c3a12718ce4a0e9305c5675299da5ad9e26068218b69d692fda84828f"
            ],
            "index": "pypi",
            "markers": "python_version >= '3.10'",
            "version": "==3.9.4"
        },
        "numpy": {
            "hashes": [
                "sha256:016623417bb330d719d579daf2d6b9a01ddc52e41a9ed61a47f39fde46dcd865",
                "sha256:0b525be4744b60bb0557ac872d53ef07d085b5f39622bc579c98d3809d05b988",
                "sha256:126b88d95e8ff9b00c9e717aa540469f21d6180162f84c0caec51b16215d49cd",
                "sha256:146b81cdd3967fdb6beca8ba25f00c58741d8f3cbd797f55af0fbe0bfec3469c",
                "sha256:1a7569a7b53c77716f036bb28cb1c91f166a26ec7d9502cd1e4bdfe502fdec22",
                "sha256:1c0121101093d2bd74981b10f8837d78e794a8ff57834eb27179f49e1ba11ac6",
                "sha256:22f3d43e362d650bc39db1f17851302874a148ca95ba6981c1dfb5fa6862f35b",
                "sha256:243563efb4cd7528a264567e9fd206c87826457322521d06206a00bfa316c927",
                "sha256:28e7137057d551e4a83c4ae414e3451f50568409db7569aacc7f9811ee06a446",
                "sha256:3893adc2dc7c0412ba76777db55a049215d99c9aa3113003be8f49f4f1290ab9",
                "sha256:39a0433bd4086ebd462960cf375e19195bb07b53dc1d87dd5fcf47ad78576f03",
                "sha256:3b94d0d0deceebfad3e67ae5c0e5eb87371e8f7a0581cd04a779928c2450cf1e",
                "sha256:44353e2878930039db472b99dc353d749826e4010bd4d2a7f835e94a97a5c748",
                "sha256:489780423903667933b4ed6197b6ec3b75ea5dd17d1d8f0f38d798feb6921561",
                "sha256:48f54b00711f83a5f796b70c518e8c2b3c5848dda03a54911f23eb68519b9b60",
                "sha256:520e6b8be0a4b65840ac8090d4f51cef4bed66e2b0894d5a520f099adc24a9b2",
                "sha256:5a129578019311b6e56bdd714250f19b518f7dceeeb8d1af5490f4942d3f891c",
                "sha256:5dc71423499fab3f46f7a7201155ade1669ea101f2f429d332df9e72f8161731",
                "sha256:6206db0af545d73d068add6d992279145f158428d1da6cc49adc4b630c5d6ee5",
                "sha256:694d8f74e156f7fd01179f1aa8faa2f648ab6ae0f70b6c3fe57a03249aea2303",
                "sha256:6f2d6873e2940c860a309d21e25b1e69af6aaffdd80aa056b04c16380db1c4f2",
                "sha256:6f9836778081a0a3c02a6a21493f3e9f5b311f8d2541934f31f05583dc999ea4",
                "sha256:7174ce8265fc7f7417d171c9ea8fe905220748893ea67a2a7abe726ec331c4b0",
                "sha256:750fb097caf26fa878746d9d119f6f9da12dedcbff1eea966c3e3447647c4a9e",
                "sha256:835e454dd99b238cdc5a3f63bce2371296f5ebc53ca1e0f8e6ddbb6d92a29aab",
                "sha256:84881d825ca75249b189bbee875fcfe3238aa5c479e6100893cda566e8e86826",
                "sha256:929f0c79ac38bcbd7154fe631dc907abfeddbcc5027a896bd1f7767323271e7a",
                "sha256:9990713e9c38154c6861e7547f1e3fc7a87e75ff09bab24ef1cc81d81c2835e9",
                "sha256:a1a4874217b36d5ac8fc876f52e39df56f8182c88463e9e2dceabf7ca8b7efb8",
                "sha256:a55e1eb2bca2cfd17a16b213c99dfc8502d47b0d494224d2122277d0400935ca",
                "sha256:aaa760137137e8d3c920d27927748215b56014f92667dc9b6c27dfc61249255a",
                "sha256:b8c3daaf99de52415d20b42f8e8155c78642cb04207d02f9d317a0dcf1b3fb54",
                "sha256:bf80333980bf37f523341ddd72c783f39d6829ec7736b9eb99086388a2d52cc2",
                "sha256:c83b664b0e6eee9594fa920cf0639d8af796606d3fad6cc70180c87e4b97c7be",
                "sha256:cc4f247a47bbf070bfd70be53ccdcf47b800af563535e7bbe172322197c30e21",
                "sha256:cda12aa4779d42b8771180aba759c96f527d43446d8f380ab59e2b35e8489efd",
                "sha256:d371c92cfa09da00022f501ab67fafaea813d752eb30ac44336d45b1e5b0268a",
                "sha256:d4313cef1594c5ce46c31b6e54e918338f63f16ee9322304e8c9114d6d81c8bd",
                "sha256:e1da54b53e75cd9fcfc23efcc7edab2c6aecf97b6037566d8a0fe804af8ec57c",
                "sha256:ebb81d9d5443e0309d6c54894c3fbed74ad7da0714352a67b6d773cd189eae73",
                "sha256:ece55976ced6bca95a03ae2839e2e5ccffe8eb6a3e7022415645eb154a81e4e6",
                "sha256:edadfbd4794b1086c0d822f81863e8a68fc129d132fd0bb9e31e955d7fbbbdb7",
                "sha256:f27582c55ba4c750b7c58c8faf021d2cd9324a662b466229db8a417b41368af9",
                "sha256:f7e5fa4382967ae6548bd2f174219afb908e294b0d5f625af01166edd5f7d9aa"
            ],
            "index": "pypi",
            "markers": "python_version >= '3.12'",
            "version": "==2.5.0"
        },
        "pandas": {
            "hashes": [
                "sha256:02a8c70e5a304947a802551b8ddb38fe83d9c528395a361609fddcccb7cf8003",
                "sha256:0f22242de864ca997028520e28b5dcdd440443ad239395bdabcb6124ed009067",
                "sha256:14d274e00885373c879042dd3bd3dd27bfea6edef993f23644ed8a20468a7471",
                "sha256:25d9ba5ad021e7bd50c674f528e31f15dc22e28c9dfa50bd4cdbdd3a4f5f1902",
                "sha256:26451dd26dcfa2e9f5172cb9c6d8213cebfc9130fc7a1844e11e642ffa458b54",
                "sha256:2a32675e6e7641effa300e58040609107f6e976bb0783b0264556358df64db58",
                "sha256:2bef5bf689a9f0d21ca83436f74c061ba52f426a689d2f8028e2e3d9ac0a8d05",
                "sha256:337be3b93ca7e0db3ec25edc769ebb74a8702427edeb345ee6ebe3e3080c6350",
                "sha256:453c9e65d0ea8f1ff00d0d5dd2a2612df9ead3ac1baaf55b81e18a01a7a56846",
                "sha256:45751e5d456788ca891167c6456fb5e373ad72aa82a949c9635b63e215940181",
                "sha256:5065f02eb94b947ff2610bba2b0c1a74fd67ca10fde0686b12adfc36e61d11d3",
                "sha256:58a0b88e5f6c46974ba110c2cef6b8714aaea57f9f26d55ab5361de662b28165",
                "sha256:5c912d80243e4563934f34acc41cfad1a08d7af1b40597492cc6b5e6ba311404",
                "sha256:5f9538b9d13b974a3a7d40c23b8d66f41114ceffe6c586f38efb8ed71d778caa",
                "sha256:62f6062586d159663825f06e70ef49cd1572d45824cb63a9559f3ffd1d0d2a20",
                "sha256:63468a898ba7b54280fc6db21833cf99b9b62b2b54b5d5d10b5ab813ce100fbf",
                "sha256:6afa70bd5a24cedf0c983d888f7d48c3ca1bc5fc095d38a3e6277e85f9bd4ab3",
                "sha256:6b6797a68ccb1391ec7b7873681b23317dd4cfbd45228aadc0b837fdff02170d",
                "sha256:6f482730bc2ec12b53c6205190deb195275495b4871bc1a2036beb91a7c97aee",
                "sha256:833232f7a694cb841a2fd8b309ca655e24dcac2ae3e1959efed97d573499b389",
                "sha256:87d6be6820c5c2b3c41d30f2c8387aac10e842af7d43dd9c3c22f2ce0a4c4176",
                "sha256:9b1a5e49e5fa13d002e1b237af4ab57f91f535cc6f6ca9225a366b2ce6241d99",
                "sha256:a1ae9e815bb61e0a85227aec3db22ba5502a4192df4918c115a772960e6ba606",
                "sha256:a477e4b7f3d18d63b5131e7a5faea3f2f8d7153f493cb145e552ba52c904ab2e",
                "sha256:a79a6401beed48057b9101d7e722d3d0af80e570b578438da6c7de4a10cc3a29",
                "sha256:aaa9760a86a77a2586807a72f64748b312b95c37135ae9932cd65fe859507377",
                "sha256:ab8b23bf3ea0fe4337d115389d800896583854694b4c0b2de08e19c81f70140f",
                "sha256:b3543e828bbd8d6ebe98b6a4268f57edc6bd945561fd08abfd29021bd5dc23ff",
                "sha256:b9624cceb273c8f97d16c518f0cbf362d12edbdbb4ed46712eb2def2f7ed7de1",
                "sha256:ba4acbe620c3888ffc561d278ba5a67f30fa9d2aba92052fbee9c951938110fc",
                "sha256:bcf15e8c8cbe4d1bb7b9c3f243ddb96123bbeb4585a40bad4c22dd673620a3c0",
                "sha256:bf867a8fe99499762626adbda73759b0378add0d13a58044ee668ba2d5df92f9",
                "sha256:c423500b3f0118c2d02b5a76ade4c57f3a13b9c9cecf04599bf983ba247cebaa",
                "sha256:ca9c1332eb5b69027fa1a73125e5b35fae26aea8c64a716a1924261070b0b859",
                "sha256:cadb8f48ada5de3feaa735577af15f0874cd5498d6875cf17989d97d4bc2e926",
                "sha256:ccdf354cddecbf0d763ab5a21d0d698440154c5ed6f2c43643c5f528e5c184a7",
                "sha256:d7ddfd571e26846b568d6e08065002046b54ffd4e81c51a61520f3040c677431",
                "sha256:dc827bff97d448ced1a8d9b4055486cadd97b6ac52c3eb3e1dd154f49d869be1",
                "sha256:dce7eca7e5adc4cc79bc28435e6111474772c14c11f4a742ea0041e23fff7d73",
                "sha256:e9c0eb4036cbf4110af16c5593191c51c1803752c7645f8f74b3a922a1027f42",
                "sha256:f660473c1e7a7ea7155214f89047b83ac0db6ebe7fab4d5a463f881307162d8c",
                "sha256:fa604623167246500d962d109df5c5b953955afb637f0dd14d9500ab191dbce7"
            ],
            "index": "pypi",
            "markers": "python_version >= '3.11'",
            "version": "==3.0.4"
        },
        "python-dateutil": {
            "hashes": [
                "sha256:37dd54208da7e1cd875388217d5e00ebd4179249f90fb72437e91a35459a0ad3",
                "sha256:a8b2bc7bffae282281c8140a97d3aa9c14da0b136dfe83f850eea9a5f7470427"
            ],
            "markers": "python_version >= '2.7' and python_version not in '3.0, 3.1, 3.2'",
            "version": "==2.9.0.post0"
        },
        "pytz": {
            "hashes": [
                "sha256:360b9e3dbb49a209c21ad61809c7fb453643e048b38924c765813546746e81c3",
                "sha256:5ddf76296dd8c44c26eb8f4b6f35488f3ccbf6fbbd7adee0b7262d43f0ec2f00"
            ],
            "version": "==2025.2"
        },
        "regex": {
            "hashes": [
                "sha256:00945d007fd74a9084d2ab79b695b595c6b7ba3698972fadd43e23230c6979c1",
                "sha256:00f2b8d9615aa165fdff0a13f1a92049bfad555ee91e20d246a51aa0b556c60a",
                "sha256:01d65fd24206c8e1e97e2e31b286c59009636c022eb5d003f52760b0f42155d4",
                "sha256:02473c954af35dd2defeb07e44182f5705b30ea3f351a7cbffa9177beb14da5d",
                "sha256:03a83cc26aa2acda6b8b9dfe748cf9e84cbd390c424a1de34fdcef58961a297a",
                "sha256:09500be324f49b470d907b3ef8af9afe857f5cca486f853853f7945ddbf75911",
                "sha256:0b1d2b07614d95fa2bf8a63fd1e98bd8fa2b4848dc91b1efbc8ba219fdd73952",
                "sha256:0d25a10811de831c2baa6aef3c0be91622f44dd8d31dd12e69f6398efb15e48b",
                "sha256:0d5bef2031cbf38757a0b0bc4298bb4824b6332d28edc16b39247228fbdbad97",
                "sha256:10d28e19bd4888e4abf43bd3925f3c134c52fdf7259219003588a42e24c2aa25",
                "sha256:180e08a435a0319e6a4821c3468da18dc7001987e1c17ae1335488dfe7518dd8",
                "sha256:195237dc327858a7721bf8b0bbbef797554bc13563c3591e91cd0767bacbe359",
                "sha256:19a9c9e0a8f24f39d575a6a854d516b48ffe4cbdcb9de55cb0570a032556ecff",
                "sha256:1c2c95e1a2b0f89d01e821ff4de1be4b5d73d1f4b0bf679fa27c1ad8d2327f1a",
                "sha256:1d367257cd86c1cbb97ea94e77b373a0bbc2224976e247f173d19e8f18b4afa7",
                "sha256:1e496956106fd59ba6322a8ea17141a27c5040e5ee8f9433ae92d4e5204462a0",
                "sha256:1f8b17be5c27a684ea6759983c13506bd77bfc7c0347dff41b18ce5ddd2ee09a",
                "sha256:2234059cfe33d9813a3677ef7667999caea9eeaa83fef98eb6ce15c6cf9e0215",
                "sha256:25b6eb660c5cf4b8c3407a1ed462abba26a926cc9965e164268a3267bcc06a43",
                "sha256:2954379dd20752e82d22accf3ff465311cbb2bac6c1f92c4afd400e1757f7451",
                "sha256:2afa673660928d0b63d84353c6c08a8a476ddfc4a47e11742949d182e6863ce8",
                "sha256:2b2b23587b26496ff5fd40df4278becdf386813ec00dc3533fa43a4cf0e2ad3c",
                "sha256:2fb950ac1d88e6b6a9414381f403797b236f9fa17e1eee07683af72b1634207b",
                "sha256:3935174fa4d9f70525a4367aaff3cb8bc0548129d114260c29d9dfa4a5b41692",
                "sha256:39bb5727650b9a0275c6a6690f9bb3fe693a7e6cc5c3155b1240aedf8926423e",
                "sha256:3b24bd7e9d85dc7c6a8bd2aa14ecd234274a0248335a02adeb25448aecdd420d",
                "sha256:4390c365fd2d45278f45afd4673cb90f7285f5701607e3ad4274df08e36140ae",
                "sha256:481df4623fa4969c8b11f3433ed7d5e3dc9cec0f008356c3212b3933fb77e3d8",
                "sha256:4f5c0b182ad4269e7381b7c27fdb0408399881f7a92a4624fd5487f2971dfc11",
                "sha256:50c2fc924749543e0eacc93ada6aeeb3ea5f6715825624baa0dccaec771668ae",
                "sha256:511f7419f7afab475fd4d639d4aedfc54205bcb0800066753ef68a59f0f330b5",
                "sha256:516604edd17b1c2c3e579cf4e9b25a53bf8fa6e7cedddf1127804d3e0140ca64",
                "sha256:52b017b35ac2214d0db5f4f90e303634dc44e4aba4bd6235a27f97ecbe5b0472",
                "sha256:5a932ea8ad5d0430351ff9c76c8db34db0d9f53c1d78f06022a21f4e290c5c18",
                "sha256:5cdcc17d935c8f9d3f4db5c2ebe2640c332e3822ad5d23c2f8e0228e6947943a",
                "sha256:5d10303dd18cedfd4d095543998404df656088240bcfd3cd20a8f95b861f74bd",
                "sha256:5e68192bb3a1d6fb2836da24aa494e413ea65853a21505e142e5b1064a595f3d",
                "sha256:64e7c6ad614573e0640f271e811a408d79a9e1fe62a46adb602f598df42a818d",
                "sha256:6591f281cb44dc13de9585b552cec6fc6cf47fb2fe7a48892295ee9bc4a612f9",
                "sha256:69fc560ccbf08a09dc9b52ab69cacfae51e0ed80dc5693078bdc97db2f91ae96",
                "sha256:6d63a07e5ec8ce7184452cb00c41c37b49e67dc4f73b2955b5b8e782ea970784",
                "sha256:6db7bfae0f8a2793ff1f7021468ea55e2699d0790eb58ee6ab36ae43aa00bc5b",
                "sha256:71a911098be38c859ceb3f9a9ce43f4ed9f4c6720ad8684a066ea246b76ad9ff",
                "sha256:73cdcdbba8028167ea81490c7f45280113e41db2c7afb65a276f4711fa3bcbff",
                "sha256:78454178c7df31372ea737996fb7f36b3c2c92cccc641d251e072478afb4babc",
                "sha256:7900157786428a79615a8264dac1f12c9b02957c473c8110c6b1f972dcecaddf",
                "sha256:7ab218076eb0944549e7fe74cf0e2b83a82edb27e81cc87411f76240865e04d5",
                "sha256:7c1b34dfa72f826f535b20712afa9bb3ba580020e834f3c69866c5bddbf10098",
                "sha256:851fa70df44325e1e4cdb79c5e676e91a78147b1b543db2aec8734d2add30ec2",
                "sha256:864cdd1a2ef5716b0ab468af40139e62ede1b3a53386b375ec0786bb6783fc05",
                "sha256:8710d61737b0c0ce6836b1da7109f20d495e49b3809f30e27e9560be67a257bf",
                "sha256:9036b400b20e4858d56d117108d7813ed07bb7803e3eed766675862131135ca6",
                "sha256:9185cc63359862a6e80fe97f696e04b0ad9a11c4ac0a4a927f979f611bfe3768",
                "sha256:948c12ef30ecedb128903c2c2678b339746eb7c689c5c21957c4a23950c96d15",
                "sha256:94d63db12e45a9b9f064bfe4800cefefc7e5f182052e4c1b774d46a40ab1d9bb",
                "sha256:96f6269a2882fbb0ee76967116b83679dc628e68eaea44e90884b8d53d833881",
                "sha256:97054c55db06ab020342cc0d35d6f62a465fa7662871190175f1ad6c655c028f",
                "sha256:98adf340100cbe6fbaf8e6dc75e28f2c191b1be50ffefe292fb0e6f6eefdb0d8",
                "sha256:99985a2c277dcb9ccb63f937451af5d65177af1efdeb8173ac55b61095a0a05c",
                "sha256:9b65d33a17101569f86d9c5966a8b1d7fbf8afdda5a8aa219301b0a80f58cf7d",
                "sha256:9dd450db6458387167e033cfa80887a34c99c81d26da1bf8b0b41bf8c9cac88e",
                "sha256:a25c7701e4f7a70021db9aaf4a4a0a67033c6318752146e03d1b94d32006217e",
                "sha256:a448af01e3d8031c89c5d902040b124a5e921a25c4e5e07a861ca591ce429341",
                "sha256:a5dac14d0872eeb35260a8e30bac07ddf22adc1e3a0635b52b02e180d17c9c7e",
                "sha256:a729e47d418ea11d03469f321aaf67cdee8954cde3ff2cf8403ab87951ad10f2",
                "sha256:aaffaecffcd2479ce87aa1e74076c221700b7c804e48e98e62500ee748f0f550",
                "sha256:b059e71ec363968671693a78c5053bd9cb2fe410f9b8e4657e88377ebd603a2e",
                "sha256:b387a0d092dac157fb026d737dde35ff3e49ef27f285343e7c6401851239df27",
                "sha256:b389c61aa28a79c2e0527ac36da579869c2e235a5b208a12c5b5318cda2501d8",
                "sha256:b42f7466e32bf15a961cf09f35fa6323cc72e64d3d2c990b10de1274a5da0a59",
                "sha256:b49eb78048c6354f49e91e4b77da21257fecb92256b6d599ae44403cab30b05b",
                "sha256:b5acd4b6a95f37c3c3828e5d053a7d4edaedb85de551db0153754924cb7c83e3",
                "sha256:b8b3f1be1738feadc69f62daa250c933e85c6f34fa378f54a7ff43807c1b9117",
                "sha256:b8cf76f1a29f0e99dcfd7aef1551a9827588aae5a737fe31442021165f1920dc",
                "sha256:ba55c50f408fb5c346a3a02d2ce0ebc839784e24f7c9684fde328ff063c3cdea",
                "sha256:bba2b18d70eeb7b79950f12f633beeecd923f7c9ad6f6bae28e59b4cb3ab046b",
                "sha256:bbb882061f742eb5d46f2f1bd5304055be0a66b783576de3d7eef1bed4778a6e",
                "sha256:bcb399ed84eabf4282587ba151f2732ad8168e66f1d3f85b1d038868fe547703",
                "sha256:bd477d5f79920338107f04aa645f094032d9e3030cc55be581df3d1ef61aa318",
                "sha256:bec23c11cbbf09a4df32fe50d57cbdd777bc442269b6e39a1775654f1c95dee2",
                "sha256:c0b5ccbb8ffb433939d248707d4a8b31993cb76ab1a0187ca886bf50e96df952",
                "sha256:c15af43c72a7fb0c97cbc66fa36a43546eddc5c06a662b64a0cbf30d6ac40944",
                "sha256:c7815afb0ca45456613fdaf60ea9c993715511c8d53a83bc468305cbc0ee23c7",
                "sha256:cb3b1db8ff6c7b8bf838ab05583ea15230cb2f678e569ab0e3a24d1e8320940b",
                "sha256:d0b02e8b7e5874b48ae0f077ecca61c1a6a9f9895e9c6dfb191b55b242862033",
                "sha256:d6b08a06976ff4fb0d83077022fde3eca06c55432bb997d8c0495b9a4e9872f4",
                "sha256:d6cfe798d8da41bb1862ed6e0cba14003d387c3c0c4a5d45591076ae9f0ce2f8",
                "sha256:d8511a01d0e4ee1992eb3ba19e09bc1866fe03f05129c3aec3fdc4cbc77aad3f",
                "sha256:dc8ed8c3f41c27acb83f7b6a9eb727a73fc6663441890c5cb3426a5f6a91ce7d",
                "sha256:dd8847c4978bc3c7e6c826fb745f5570e518b8459ac2892151ce6627c7bc00d5",
                "sha256:de0cf053139f96219ccfabb4a8dd2d217c8c82cb206c91d9f109f3f552d6b43d",
                "sha256:dee50f1be42222f89767b64b283283ef963189da0dda4a515aa54a5563c62dec",
                "sha256:e1e7b24cb3ae9953a560c563045d1ba56ee4749fbd05cf21ba571069bd7be81b",
                "sha256:e59bc8f30414d283ae8ee1617b13d8112e7135cb92830f0ec3688cb29152585a",
                "sha256:e61eea47230eba62a31f3e8a0e3164d0f37ef9f40529fb2c79361bc6b53d2a92",
                "sha256:e621fb7c8dc147419b28e1702f58a0177ff8308a76fa295c71f3e7827849f5d9",
                "sha256:e71dcecaa113eebcc96622c17692672c2d104b1d71ddf7adeda90da7ddeb26fc",
                "sha256:e7ce83654d1ab701cb619285a18a8e5a889c1216d746ddc710c914ca5fd71022",
                "sha256:e8c8cb2deba42f5ec1ede46374e990f8adc5e6456a57ac1a261b19be6f28e4e6",
                "sha256:ec0c608b7a7465ffadb344ed7c987ff2f11ee03f6a130b569aa74d8a70e8333c",
                "sha256:ec6f5674c5dc836994f50f1186dd1fafde4be0666aae201ae2fcc3d29d8adf27",
                "sha256:edb1b1b3a5576c56f08ac46f108c40333f222ebfd5cf63afdfa3aab0791ebe5b",
                "sha256:ef77bdde9c9eba3f7fa5b58084b29bbcc74bcf55fdbeaa67c102a35b5bd7e7cc",
                "sha256:f2791948f7c70bb9335a9102df45e93d428f4b8128020d85920223925d73b9e1",
                "sha256:f467cb602f03fbd1ab1908f68b53c649ce393fde056628dc8c7e634dab6bfc07",
                "sha256:f8ed9a5d4612df9d4de15878f0bc6aa7a268afbe5af21a3fdd97fa19516e978c",
                "sha256:fa539be029844c0ce1114762d2952ab6cfdd7c7c9bd72e0db26b94c3c36dcc5a",
                "sha256:fb1c4ff62277d87a7335f2c1ea4e0387b8f2b3ad88a64efd9943906aafad4f33",
                "sha256:fb4db2f17e6484904f986c5a657cec85574c76b5c5e61c7aae9ffa1bc6224f95",
                "sha256:fb66e5245db9652abd7196ace599b04d9c0e4aa7c8f0e2803938377835780081",
                "sha256:fc48c500838be6882b32748f60a15229d2dea96e59ef341eaa96ec83538f498d",
                "sha256:fcf26c3c6d0da98fada8ae4ef0aa1c3405a431c0a77eb17306d38a89b02adcd7",
                "sha256:fd0ce43e71d825b7c0661f9c54d4d74bd97c56c3fd102a8985bcfea48236bacb",
                "sha256:fd63453f10d29097cc3dc62d070746523973fb5aa1c66d25f8558bebd47fed61"
            ],
            "markers": "python_version >= '3.10'",
            "version": "==2026.2.28"
        },
        "scikit-learn": {
            "hashes": [
                "sha256:051075bda8b7aab87b1906ab3d4740a1e1224a19d7b3781a576736edc94e76aa",
                "sha256:056c92bb67ad4c28463c2f2653d9701449201e7e7a9e94e321be0f71c4fef2b8",
                "sha256:147e9329ef0e39f75d4cffa02b2aa48d827832684926cd5210d9a2cb5c57246b",
                "sha256:1b944b6db288f6b926e3650026ddafb988929de95d11fc2cc5fa117773c9ba42",
                "sha256:1fea2cc5677ab49d6f5bade978c866da44957b712d92e9635e8b4f723013c3cb",
                "sha256:24360002ae845e7866522b0a5bbf690802e7bc388cac8663502e78aa98598aa2",
                "sha256:26e22435f63bcdcf396b574273f29f13dd531f5ea035801f5be10ba1540a4e60",
                "sha256:2bd41b0d201bc81575531b96b713d3eb5e5f50fb0b82101ff0f92294fdc236ac",
                "sha256:366652351f092b219c248f1e72821e841960a63d8f358f1dcfd54dc1cbdbbc28",
                "sha256:38c3dcb9a1ffb85505ec53d54c7b4aea0cff70050425a7760c2af661ac85df05",
                "sha256:4306775fad04cc4b472a1b15af1ae9cede1540fbfcc17fbce3767cd8dc7ae283",
                "sha256:4ccacf04ca5f4b492158a5f28afe0ace43f81b2571e4b9a66d34848b46128949",
                "sha256:5162ad10a418c8a282dde04c9aa06965de3e9a65f33c1440c0ae69bb1a09d913",
                "sha256:5808d98f15c6bf6d9d96d2348c1997392a5888ce7097e664105f930c4bca1277",
                "sha256:5b934c45c252844a91d69fda3a34cff5e7307e1db10d77cb10a3980312c74713",
                "sha256:5bad8f8b9950321b54c965fdcbac6c6c55e79e16646b49977bcf3668d3870a1a",
                "sha256:5be45aa4a42a68a533913a6ed736cf309de2226411c79ef8d609a5456f1939b1",
                "sha256:5dc1818c77575d149e25fce9ef82dd7b7263ae372f03494158668ad632a69759",
                "sha256:5e50ed4da51974e86e940690e9a3d82e729b62b5a49f7c9bac534d515d39d86f",
                "sha256:64fa347efc1c839c487433e40c5144d38c336e8a2b59c81aa8660373945c2673",
                "sha256:78fc56eafd4edb9575d2d8950d1dd152061abb573341a1cb7e099fc40f6c6666",
                "sha256:80746d63bd4b6eaca54d36fe5feaf4d28bb38dc6f9470f81c7cad7c40155f119",
                "sha256:8833266989d3a5110178a9fae30783675460724d0e1efb13b14901d2c660c557",
                "sha256:9656acd4e93f74e0b66c8a36c88830a99252dfa900044d36bc2212ae89a47162",
                "sha256:9db6f4d34e68c8899e4cab27fdf8eafe6ed21f2ba52ceb25ea250cd237f8e47b",
                "sha256:d77f54c017633791bc0225a43e2f8d03745fdcfe4880268fcc4df15f505dec2e",
                "sha256:da76d09304a4706db7cc1e3ebaa3b6b98a67365cc11d2996c4f1e58ba47df714",
                "sha256:ee1a8db2c18c08e34c7412d4b10be1cac214cd4ea7dc9715a6a327eb49a37c96",
                "sha256:f401448645a3e7bc115aa3c094097865155b34bff1cba8101857d9104e99074c",
                "sha256:f7e254636164090da847715a27f8e5478feb98c40a9e0ee90cbd277de9e5ceb8",
                "sha256:fd3a8ef0c758555a3b23c03adaa858af32f7736785ded50ad5991f59c4ed03fa"
            ],
            "index": "pypi",
            "markers": "python_version >= '3.11'",
            "version": "==1.9.0"
        },
        "scipy": {
            "hashes": [
                "sha256:010f4333c96c9bb1a4516269e33cb5917b08ef2166d5556ca2fd9f082a9e6ea0",
                "sha256:02ae3b274fde71c5e92ac4d54bc06c42d80e399fec704383dcd99b301df37458",
                "sha256:08b900519463543aa604a06bec02461558a6e1cef8fdbb8098f77a48a83c8118",
                "sha256:131f5aaea57602008f9822e2115029b55d4b5f7c070287699fe45c661d051e39",
                "sha256:158dd96d2207e21c966063e1635b1063cd7787b627b6f07305315dd73d9c679e",
                "sha256:1cc682cea2ae55524432f3cdff9e9a3be743d52a7443d0cba9017c23c87ae2f6",
                "sha256:1f95b894f13729334fb990162e911c9e5dc1ab390c58aa6cbecb389c5b5e28ec",
                "sha256:200e1050faffacc162be6a486a984a0497866ec54149a01270adc8a59b7c7d21",
                "sha256:2040ad4d1795a0ae89bfc7e8429677f365d45aa9fd5e4587cf1ea737f927b4a1",
                "sha256:2b64ca7d4aee0102a97f3ba22124052b4bd2152522355073580bf4845e2550b6",
                "sha256:2ceb2d3e01c5f1d83c4189737a42d9cb2fc38a6eeed225e7515eef71ad301dce",
                "sha256:35c3a56d2ef83efc372eaec584314bd0ef2e2f0d2adb21c55e6ad5b344c0dcb8",
                "sha256:37425bc9175607b0268f493d79a292c39f9d001a357bebb6b88fdfaff13f6448",
                "sha256:3877ac408e14da24a6196de0ddcace62092bfc12a83823e92e49e40747e52c19",
                "sha256:3fd1fcdab3ea951b610dc4cef356d416d5802991e7e32b5254828d342f7b7e0b",
                "sha256:41b71f4a3a4cab9d366cd9065b288efc4d4f3c0b37a91a8e0947fb5bd7f31d87",
                "sha256:43af8d1f3bea642559019edfe64e9b11192a8978efbd1539d7bc2aaa23d92de4",
                "sha256:45abad819184f07240d8a696117a7aacd39787af9e0b719d00285549ed19a1e9",
                "sha256:4b400bdc6f79fa02a4d86640310dde87a21fba0c979efff5248908c6f15fad1b",
                "sha256:4eb6c25dd62ee8d5edf68a8e1c171dd71c292fdae95d8aeb3dd7d7de4c364082",
                "sha256:581b2264fc0aa555f3f435a5944da7504ea3a065d7029ad60e7c3d1ae09c5464",
                "sha256:5cf36e801231b6a2059bf354720274b7558746f3b1a4efb43fcf557ccd484a87",
                "sha256:5e3c5c011904115f88a39308379c17f91546f77c1667cea98739fe0fccea804c",
                "sha256:6609bc224e9568f65064cfa72edc0f24ee6655b47575954ec6339534b2798369",
                "sha256:6e3dcd57ab780c741fde8dc68619de988b966db759a3c3152e8e9142c26295ad",
                "sha256:6fac755ca3d2c3edcb22f479fceaa241704111414831ddd3bc6056e18516892f",
                "sha256:744b2bf3640d907b79f3fd7874efe432d1cf171ee721243e350f55234b4cec4c",
                "sha256:74cbb80d93260fe2ffa334efa24cb8f2f0f622a9b9febf8b483c0b865bfb3475",
                "sha256:766e0dc5a616d026a3a1cffa379af959671729083882f50307e18175797b3dfd",
                "sha256:7bdf2da170b67fdf10bca777614b1c7d96ae3ca5794fd9587dce41eb2966e866",
                "sha256:7ff200bf9d24f2e4d5dc6ee8c3ac64d739d3a89e2326ba68aaf6c4a2b838fd7d",
                "sha256:844e165636711ef41f80b4103ed234181646b98a53c8f05da12ca5ca289134f6",
                "sha256:8a604bae87c6195d8b1045eddece0514d041604b14f2727bbc2b3020172045eb",
                "sha256:94055a11dfebe37c656e70317e1996dc197e1a15bbcc351bcdd4610e128fe1ca",
                "sha256:95d8e012d8cb8816c226aef832200b1d45109ed4464303e997c5b13122b297c0",
                "sha256:9cdc1a2fcfd5c52cfb3045feb399f7b3ce822abdde3a193a6b9a60b3cb5854ca",
                "sha256:9ecb4efb1cd6e8c4afea0daa91a87fbddbce1b99d2895d151596716c0b2e859d",
                "sha256:a3472cfbca0a54177d0faa68f697d8ba4c80bbdc19908c3465556d9f7efce9ee",
                "sha256:a4328d245944d09fd639771de275701ccadf5f781ba0ff092ad141e017eccda4",
                "sha256:a48a72c77a310327f6a3a920092fa2b8fd03d7deaa60f093038f22d98e096717",
                "sha256:a720477885a9d2411f94a93d16f9d89bad0f28ca23c3f8daa521e2dcc3f44d49",
                "sha256:a77cbd07b940d326d39a1d1b37817e2ee4d79cb30e7338f3d0cddffae70fcaa2",
                "sha256:a9956e4d4f4a301ebf6cde39850333a6b6110799d470dbbb1e25326ac447f52a",
                "sha256:adb2642e060a6549c343603a3851ba76ef0b74cc8c079a9a58121c7ec9fe2350",
                "sha256:beeda3d4ae615106d7094f7e7cef6218392e4465cc95d25f900bebabfded0950",
                "sha256:c80be5ede8f3f8eded4eff73cc99a25c388ce98e555b17d31da05287015ffa5b",
                "sha256:cc90d2e9c7e5c7f1a482c9875007c095c3194b1cfedca3c2f3291cdc2bc7c086",
                "sha256:cd96a1898c0a47be4520327e01f874acfd61fb48a9420f8aa9f6483412ffa444",
                "sha256:d2650c1fb97e184d12d8ba010493ee7b322864f7d3d00d3f9bb97d9c21de4068",
                "sha256:d30e57c72013c2a4fe441c2fcb8e77b14e152ad48b5464858e07e2ad9fbfceff",
                "sha256:d59c30000a16d8edc7e64152e30220bfbd724c9bbb08368c054e24c651314f0a",
                "sha256:dbc12c9f3d185f5c737d801da555fb74b3dcfa1a50b66a1a93e09190f41fab50",
                "sha256:e18f12c6b0bc5a592ed23d3f7b891f68fd7f8241d69b7883769eb5d5dfb52696",
                "sha256:e19ebea31758fac5893a2ac360fedd00116cbb7628e650842a6691ba7ca28a21",
                "sha256:e30bdeaa5deed6bc27b4cc490823cd0347d7dae09119b8803ae576ea0ce52e4c",
                "sha256:eb092099205ef62cd1782b006658db09e2fed75bffcae7cc0d44052d8aa0f484",
                "sha256:eee2cfda04c00a857206a4330f0c5e3e56535494e30ca445eb19ec624ae75118",
                "sha256:f4115102802df98b2b0db3cce5cb9b92572633a1197c77b7553e5203f284a5b3",
                "sha256:f590cd684941912d10becc07325a3eeb77886fe981415660d9265c4c418d0bea",
                "sha256:f8885db0bc2bffa59d5c1b72fad7a6a92d3e80e7257f967dd81abb553a90d293",
                "sha256:fcb310ddb270a06114bb64bbe53c94926b943f5b7f0842194d585c65eb4edd76"
            ],
            "markers": "python_version >= '3.11'",
            "version": "==1.17.1"
        },
        "six": {
            "hashes": [
                "sha256:4721f391ed90541fddacab5acf947aa0d3dc7d27b2e1e8eda2be8970586c3274",
                "sha256:ff70335d468e7eb6ec65b95b99d3a2836546063f63acc5171de367e834932a81"
            ],
            "markers": "python_version >= '2.7' and python_version not in '3.0, 3.1, 3.2'",
            "version": "==1.17.0"
        },
        "soupsieve": {
            "hashes": [
                "sha256:e121fd02e975c695e4e9e8774a5ee35d74714b59307868dcc5319ad2d9e3328e",
                "sha256:e7e6b0769c8f51ed59acab6e994b00621096cfb1c640a7509295987388fbaf65"
            ],
            "markers": "python_version >= '3.9'",
            "version": "==2.8.4"
        },
        "threadpoolctl": {
            "hashes": [
                "sha256:43a0b8fd5a2928500110039e43a5eed8480b918967083ea48dc3ab9f13c4a7fb",
                "sha256:8ab8b4aa3491d812b623328249fab5302a68d2d71745c8a4c719a2fcaba9f44e"
            ],
            "markers": "python_version >= '3.9'",
            "version": "==3.6.0"
        },
        "tqdm": {
            "hashes": [
                "sha256:7d825f03f89244ef73f1d4ce193cb1774a8179fd96f31d7e1dcde62092b960bb",
                "sha256:ee1e4c0e59148062281c49d80b25b67771a127c85fc9676d3be5f243206826bf"
            ],
            "markers": "python_version >= '3.7'",
            "version": "==4.67.3"
        },
        "typing-extensions": {
            "hashes": [
                "sha256:0cea48d173cc12fa28ecabc3b837ea3cf6f38c6d1136f85cbaaf598984861466",
                "sha256:f0fa19c6845758ab08074a0cfa8b7aecb71c999ca73d62883bc25cc018c4e548"
            ],
            "markers": "python_version >= '3.9'",
            "version": "==4.15.0"
        },
        "tzdata": {
            "hashes": [
                "sha256:1a403fada01ff9221ca8044d701868fa132215d84beb92242d9acd2147f667a8",
                "sha256:b60a638fcc0daffadf82fe0f57e53d06bdec2f36c4df66280ae79bce6bd6f2b9"
            ],
            "markers": "python_version >= '2'",
            "version": "==2025.2"
        }
    },
    "develop": {}
}
